
Microsoft Visual Studio Solution File, Format Version 12.00
# Visual Studio 15
Project("{FAE04EC0-301F-11D3-BF4B-00C04F79EFBC}") = "UnityEngine.UI", "UnityEngine.UI.csproj", "{5A5DEA1E-7EE4-96C0-A1DB-9A112B8DE8F2}"
EndProject
Project("{FAE04EC0-301F-11D3-BF4B-00C04F79EFBC}") = "Unity.RenderPipelines.Core.Runtime", "Unity.RenderPipelines.Core.Runtime.csproj", "{E6C35D80-12EC-FD7B-073C-47BB857CE03B}"
EndProject
Project("{FAE04EC0-301F-11D3-BF4B-00C04F79EFBC}") = "UnityEngine.TestRunner", "UnityEngine.TestRunner.csproj", "{95744066-7A13-E50C-B219-B5A456DAEC8F}"
EndProject
Project("{FAE04EC0-301F-11D3-BF4B-00C04F79EFBC}") = "Assembly-CSharp", "Assembly-CSharp.csproj", "{0C99CD62-D4EB-FA09-AEA2-9BD568997933}"
EndProject
Project("{FAE04EC0-301F-11D3-BF4B-00C04F79EFBC}") = "V_Animation", "V_Animation.csproj", "{A48F40F0-9DC5-5D70-4E7F-3B23E1F1EFE9}"
EndProject
Project("{FAE04EC0-301F-11D3-BF4B-00C04F79EFBC}") = "Unity.Mathematics", "Unity.Mathematics.csproj", "{EC01C765-336A-EC5F-DB45-527B66574E37}"
EndProject
Project("{FAE04EC0-301F-11D3-BF4B-00C04F79EFBC}") = "UnityEngine.Purchasing.WinRTCore", "UnityEngine.Purchasing.WinRTCore.csproj", "{0F3E9865-729F-9E93-A293-5DC2476D6F89}"
EndProject
Project("{FAE04EC0-301F-11D3-BF4B-00C04F79EFBC}") = "Unity.RenderPipelines.Universal.Runtime", "Unity.RenderPipelines.Universal.Runtime.csproj", "{3C67B48B-C5E0-FC03-1119-72701A2D6563}"
EndProject
Project("{FAE04EC0-301F-11D3-BF4B-00C04F79EFBC}") = "UnityEngine.XR.LegacyInputHelpers", "UnityEngine.XR.LegacyInputHelpers.csproj", "{39B65C94-E365-E658-29D6-54BAF8DE25ED}"
EndProject
Project("{FAE04EC0-301F-11D3-BF4B-00C04F79EFBC}") = "UnityEngine.Monetization", "UnityEngine.Monetization.csproj", "{5EAB3891-4579-6042-30B8-C80B41E9A077}"
EndProject
Project("{FAE04EC0-301F-11D3-BF4B-00C04F79EFBC}") = "UnityEngine.Purchasing.AppleCore", "UnityEngine.Purchasing.AppleCore.csproj", "{CB4B10A1-B777-01C3-11B6-9BDA42E5CFC6}"
EndProject
Project("{FAE04EC0-301F-11D3-BF4B-00C04F79EFBC}") = "PhotonUnityNetworking.Demos", "PhotonUnityNetworking.Demos.csproj", "{6F4772DC-CE34-6D4B-4CFB-D4E93CFFF5FA}"
EndProject
Project("{FAE04EC0-301F-11D3-BF4B-00C04F79EFBC}") = "Unity.2D.Animation.Runtime", "Unity.2D.Animation.Runtime.csproj", "{2B065034-F820-44E0-DD1C-5FF0B3D59F3B}"
EndProject
Project("{FAE04EC0-301F-11D3-BF4B-00C04F79EFBC}") = "Unity.TextMeshPro", "Unity.TextMeshPro.csproj", "{9FB6D339-B37F-08EA-68AF-522282A600BA}"
EndProject
Project("{FAE04EC0-301F-11D3-BF4B-00C04F79EFBC}") = "UnityEngine.Advertisements", "UnityEngine.Advertisements.csproj", "{4799C58A-CB63-F818-6345-2569BA5697C0}"
EndProject
Project("{FAE04EC0-301F-11D3-BF4B-00C04F79EFBC}") = "Unity.ProBuilder.Poly2Tri", "Unity.ProBuilder.Poly2Tri.csproj", "{BAA3A825-197D-0D6D-CE99-87B5E2269578}"
EndProject
Project("{FAE04EC0-301F-11D3-BF4B-00C04F79EFBC}") = "Cinemachine", "Cinemachine.csproj", "{CBCA3419-9D1C-A568-326B-B3064E9A6174}"
EndProject
Project("{FAE04EC0-301F-11D3-BF4B-00C04F79EFBC}") = "Unity.Timeline", "Unity.Timeline.csproj", "{B8FC54CD-57A0-489C-73E3-7DC1097383DD}"
EndProject
Project("{FAE04EC0-301F-11D3-BF4B-00C04F79EFBC}") = "UnityEngine.Purchasing.Stores", "UnityEngine.Purchasing.Stores.csproj", "{CBAA805B-4495-E8AD-593B-977101034FE6}"
EndProject
Project("{FAE04EC0-301F-11D3-BF4B-00C04F79EFBC}") = "Unity.ProBuilder", "Unity.ProBuilder.csproj", "{8A204A31-5C22-250E-66DC-E7CF3D562A26}"
EndProject
Project("{FAE04EC0-301F-11D3-BF4B-00C04F79EFBC}") = "UnityEngine.Purchasing", "UnityEngine.Purchasing.csproj", "{ED3A410C-BD2F-A64C-A8C3-655ACF58366A}"
EndProject
Project("{FAE04EC0-301F-11D3-BF4B-00C04F79EFBC}") = "PhotonRealtime", "PhotonRealtime.csproj", "{B73B83D0-21CA-1A9F-9A05-2027DAF9ACEB}"
EndProject
Project("{FAE04EC0-301F-11D3-BF4B-00C04F79EFBC}") = "Unity.2D.SpriteShape.Runtime", "Unity.2D.SpriteShape.Runtime.csproj", "{8392BBA8-8ABD-F6AC-3014-4A02C1812191}"
EndProject
Project("{FAE04EC0-301F-11D3-BF4B-00C04F79EFBC}") = "PhotonUnityNetworking", "PhotonUnityNetworking.csproj", "{794AA0C5-FAFD-4016-F73F-FE0AD5D139E4}"
EndProject
Project("{FAE04EC0-301F-11D3-BF4B-00C04F79EFBC}") = "PhotonUnityNetworking.Utilities", "PhotonUnityNetworking.Utilities.csproj", "{E5C2FBB3-1860-1DAD-EB03-D070EE459086}"
EndProject
Project("{FAE04EC0-301F-11D3-BF4B-00C04F79EFBC}") = "Unity.2D.Animation.Triangle.Runtime", "Unity.2D.Animation.Triangle.Runtime.csproj", "{316A6767-9403-9FB3-4A8D-5A66B19447B0}"
EndProject
Project("{FAE04EC0-301F-11D3-BF4B-00C04F79EFBC}") = "UnityEngine.Purchasing.SecurityStub", "UnityEngine.Purchasing.SecurityStub.csproj", "{0CA3F96F-C657-C667-0522-5F87F516962F}"
EndProject
Project("{FAE04EC0-301F-11D3-BF4B-00C04F79EFBC}") = "Unity.ProBuilder.Csg", "Unity.ProBuilder.Csg.csproj", "{E17EEDB2-07E4-FCF7-BC9D-C11645D7B5CA}"
EndProject
Project("{FAE04EC0-301F-11D3-BF4B-00C04F79EFBC}") = "Purchasing.Common", "Purchasing.Common.csproj", "{DA00B843-77BC-927C-18F9-E8080AAF8CC6}"
EndProject
Project("{FAE04EC0-301F-11D3-BF4B-00C04F79EFBC}") = "Unity.2D.PixelPerfect", "Unity.2D.PixelPerfect.csproj", "{FAF01F86-E671-B675-7DEC-7A651459181C}"
EndProject
Project("{FAE04EC0-301F-11D3-BF4B-00C04F79EFBC}") = "Unity.2D.IK.Runtime", "Unity.2D.IK.Runtime.csproj", "{70EF642A-9BD6-63FC-6BEF-428D75AD7B6D}"
EndProject
Project("{FAE04EC0-301F-11D3-BF4B-00C04F79EFBC}") = "UnityEngine.Purchasing.SecurityCore", "UnityEngine.Purchasing.SecurityCore.csproj", "{64E4C6ED-383D-3957-1E7C-1D3F0B6674D4}"
EndProject
Project("{FAE04EC0-301F-11D3-BF4B-00C04F79EFBC}") = "PhotonChat", "PhotonChat.csproj", "{1F5FB62D-2A4A-75AD-77BD-C39C9C7ED9AB}"
EndProject
Project("{FAE04EC0-301F-11D3-BF4B-00C04F79EFBC}") = "UnityEngine.Purchasing.WinRTStub", "UnityEngine.Purchasing.WinRTStub.csproj", "{3C5397E5-1A0A-C03C-D3BE-8687327B0ABF}"
EndProject
Project("{FAE04EC0-301F-11D3-BF4B-00C04F79EFBC}") = "UnityEngine.Purchasing.AppleMacosStub", "UnityEngine.Purchasing.AppleMacosStub.csproj", "{05D7EEFE-937C-9E02-10AD-C3ED1CC4734C}"
EndProject
Project("{FAE04EC0-301F-11D3-BF4B-00C04F79EFBC}") = "Unity.ProBuilder.KdTree", "Unity.ProBuilder.KdTree.csproj", "{7D86F68D-6B06-9E21-BB98-1484D324E634}"
EndProject
Project("{FAE04EC0-301F-11D3-BF4B-00C04F79EFBC}") = "Unity.2D.Common.Runtime", "Unity.2D.Common.Runtime.csproj", "{563518B0-573E-C441-50DF-E815A7FD3C5C}"
EndProject
Project("{FAE04EC0-301F-11D3-BF4B-00C04F79EFBC}") = "Unity.RenderPipelines.Core.ShaderLibrary", "Unity.RenderPipelines.Core.ShaderLibrary.csproj", "{58F16A98-F592-ADD9-1BA2-A4EBA1607635}"
EndProject
Project("{FAE04EC0-301F-11D3-BF4B-00C04F79EFBC}") = "Unity.InternalAPIEngineBridge.001", "Unity.InternalAPIEngineBridge.001.csproj", "{43C2AFB5-43A5-DAB1-18A0-38FBF57F0D03}"
EndProject
Project("{FAE04EC0-301F-11D3-BF4B-00C04F79EFBC}") = "Unity.Analytics.DataPrivacy", "Unity.Analytics.DataPrivacy.csproj", "{5098C368-80BC-7C95-0596-0CB64AB6B2B7}"
EndProject
Project("{FAE04EC0-301F-11D3-BF4B-00C04F79EFBC}") = "UnityEngine.SpatialTracking", "UnityEngine.SpatialTracking.csproj", "{6565D815-1C74-D25A-9BB8-C9FE932B0571}"
EndProject
Project("{FAE04EC0-301F-11D3-BF4B-00C04F79EFBC}") = "Unity.RenderPipeline.Universal.ShaderLibrary", "Unity.RenderPipeline.Universal.ShaderLibrary.csproj", "{C20A1059-A13F-A427-F8BB-00AAF01F2290}"
EndProject
Project("{FAE04EC0-301F-11D3-BF4B-00C04F79EFBC}") = "UnityEngine.Purchasing.Codeless", "UnityEngine.Purchasing.Codeless.csproj", "{73AF3902-B15A-D38A-327C-457228479439}"
EndProject
Project("{FAE04EC0-301F-11D3-BF4B-00C04F79EFBC}") = "Unity.ProBuilder.Stl", "Unity.ProBuilder.Stl.csproj", "{C95BC525-D7DE-12B6-FF38-D960E91CB53A}"
EndProject
Project("{FAE04EC0-301F-11D3-BF4B-00C04F79EFBC}") = "UnityEngine.Purchasing.AppleStub", "UnityEngine.Purchasing.AppleStub.csproj", "{04326722-9D36-4693-38D2-983E4C1231A4}"
EndProject
Project("{FAE04EC0-301F-11D3-BF4B-00C04F79EFBC}") = "Unity.RenderPipelines.Universal.Shaders", "Unity.RenderPipelines.Universal.Shaders.csproj", "{2AE7B865-A84A-A9C3-DA1E-8F02D3013562}"
EndProject
Project("{FAE04EC0-301F-11D3-BF4B-00C04F79EFBC}") = "Unity.RenderPipelines.ShaderGraph.ShaderGraphLibrary", "Unity.RenderPipelines.ShaderGraph.ShaderGraphLibrary.csproj", "{400833C7-7D0C-6832-1C35-1011CB8FE8F4}"
EndProject
Project("{FAE04EC0-301F-11D3-BF4B-00C04F79EFBC}") = "Unity.PlasticSCM.Editor", "Unity.PlasticSCM.Editor.csproj", "{90682A74-7AD5-FD17-3DE9-6CE49A011334}"
EndProject
Project("{FAE04EC0-301F-11D3-BF4B-00C04F79EFBC}") = "Unity.ShaderGraph.Editor", "Unity.ShaderGraph.Editor.csproj", "{AA026711-2A18-6F31-380D-9E105BCD416F}"
EndProject
Project("{FAE04EC0-301F-11D3-BF4B-00C04F79EFBC}") = "Unity.VisualStudio.Editor", "Unity.VisualStudio.Editor.csproj", "{5875979B-4150-77AD-715A-50E473B81E09}"
EndProject
Project("{FAE04EC0-301F-11D3-BF4B-00C04F79EFBC}") = "Unity.ProBuilder.Editor", "Unity.ProBuilder.Editor.csproj", "{DBA505A7-FB4C-C816-C2A6-F824614BA356}"
EndProject
Project("{FAE04EC0-301F-11D3-BF4B-00C04F79EFBC}") = "PhotonUnityNetworking.Editor", "PhotonUnityNetworking.Editor.csproj", "{A2C71F30-139F-79BF-434A-DD9031665876}"
EndProject
Project("{FAE04EC0-301F-11D3-BF4B-00C04F79EFBC}") = "com.unity.cinemachine.editor", "com.unity.cinemachine.editor.csproj", "{E957072C-993E-3D82-B617-B1B186FEC3D8}"
EndProject
Project("{FAE04EC0-301F-11D3-BF4B-00C04F79EFBC}") = "Unity.Timeline.Editor", "Unity.Timeline.Editor.csproj", "{32161C59-0147-AEF6-2736-81FD0D25A093}"
EndProject
Project("{FAE04EC0-301F-11D3-BF4B-00C04F79EFBC}") = "Unity.TextMeshPro.Editor", "Unity.TextMeshPro.Editor.csproj", "{07E97D05-86A6-8BFA-38FF-E5AB5B38F520}"
EndProject
Project("{FAE04EC0-301F-11D3-BF4B-00C04F79EFBC}") = "Unity.2D.Animation.Editor", "Unity.2D.Animation.Editor.csproj", "{4107A206-45E9-C675-515F-D7B8A6FEA10F}"
EndProject
Project("{FAE04EC0-301F-11D3-BF4B-00C04F79EFBC}") = "Unity.CollabProxy.Editor", "Unity.CollabProxy.Editor.csproj", "{857AC299-9621-0325-50FF-F1708373CCAF}"
EndProject
Project("{FAE04EC0-301F-11D3-BF4B-00C04F79EFBC}") = "UnityEditor.TestRunner", "UnityEditor.TestRunner.csproj", "{5D54076D-AB5F-E4A0-179F-224AACD5AB7E}"
EndProject
Project("{FAE04EC0-301F-11D3-BF4B-00C04F79EFBC}") = "UnityEngine.Advertisements.Editor", "UnityEngine.Advertisements.Editor.csproj", "{97D8ADCC-EB5B-706E-FA9B-DA1D7D86DBFB}"
EndProject
Project("{FAE04EC0-301F-11D3-BF4B-00C04F79EFBC}") = "Unity.Rider.Editor", "Unity.Rider.Editor.csproj", "{71745A9E-0C01-CB3C-9771-898F0DC7C130}"
EndProject
Project("{FAE04EC0-301F-11D3-BF4B-00C04F79EFBC}") = "Unity.2D.Path.Editor", "Unity.2D.Path.Editor.csproj", "{D98EF669-05FA-1B06-7972-74787B875C29}"
EndProject
Project("{FAE04EC0-301F-11D3-BF4B-00C04F79EFBC}") = "Unity.RenderPipelines.Universal.Editor", "Unity.RenderPipelines.Universal.Editor.csproj", "{7C7653B5-AC2E-E644-941A-D39AB73DFD58}"
EndProject
Project("{FAE04EC0-301F-11D3-BF4B-00C04F79EFBC}") = "PsdPlugin", "PsdPlugin.csproj", "{3D06B2EA-C056-6B12-A304-735D7C89D6C6}"
EndProject
Project("{FAE04EC0-301F-11D3-BF4B-00C04F79EFBC}") = "UnityEngine.Advertisements.DevX.Editor", "UnityEngine.Advertisements.DevX.Editor.csproj", "{95852B46-B1F5-5189-C375-09CFD1FFE1D9}"
EndProject
Project("{FAE04EC0-301F-11D3-BF4B-00C04F79EFBC}") = "Unity.RenderPipelines.Core.Editor", "Unity.RenderPipelines.Core.Editor.csproj", "{657C967D-AB0B-5874-F64E-7490777935EC}"
EndProject
Project("{FAE04EC0-301F-11D3-BF4B-00C04F79EFBC}") = "Unity.Searcher.Editor", "Unity.Searcher.Editor.csproj", "{BA4BD8D5-A76D-6C24-80BD-30A75032AF2D}"
EndProject
Project("{FAE04EC0-301F-11D3-BF4B-00C04F79EFBC}") = "Unity.2D.IK.Editor", "Unity.2D.IK.Editor.csproj", "{FC78ACA1-0980-1C89-F58C-009988595A48}"
EndProject
Project("{FAE04EC0-301F-11D3-BF4B-00C04F79EFBC}") = "Unity.2D.Psdimporter.Editor", "Unity.2D.Psdimporter.Editor.csproj", "{761D04F9-A0F5-464A-1B60-AA6E3315F4C6}"
EndProject
Project("{FAE04EC0-301F-11D3-BF4B-00C04F79EFBC}") = "Unity.2D.SpriteShape.Editor", "Unity.2D.SpriteShape.Editor.csproj", "{813C1D38-0620-1FE5-DACE-5FBB69A5D2DB}"
EndProject
Project("{FAE04EC0-301F-11D3-BF4B-00C04F79EFBC}") = "UnityEditor.Purchasing", "UnityEditor.Purchasing.csproj", "{AC92ABF8-B742-AE16-8772-E7B11AD3690A}"
EndProject
Project("{FAE04EC0-301F-11D3-BF4B-00C04F79EFBC}") = "Unity.2D.Tilemap.Editor", "Unity.2D.Tilemap.Editor.csproj", "{C009B241-17F1-247C-CA6F-E3FE1F3FB701}"
EndProject
Project("{FAE04EC0-301F-11D3-BF4B-00C04F79EFBC}") = "Unity.2D.PixelPerfect.Editor", "Unity.2D.PixelPerfect.Editor.csproj", "{6747CCA7-7DF7-EAB3-D9BC-4F8EDE9115BD}"
EndProject
Project("{FAE04EC0-301F-11D3-BF4B-00C04F79EFBC}") = "Unity.VSCode.Editor", "Unity.VSCode.Editor.csproj", "{5B49DE10-EDCD-33BF-7468-60BCF16CB891}"
EndProject
Project("{FAE04EC0-301F-11D3-BF4B-00C04F79EFBC}") = "Unity.ProBuilder.AssetIdRemapUtility", "Unity.ProBuilder.AssetIdRemapUtility.csproj", "{130D7CA1-5755-A630-4091-A355786AB8CD}"
EndProject
Project("{FAE04EC0-301F-11D3-BF4B-00C04F79EFBC}") = "Unity.2D.Sprite.Editor", "Unity.2D.Sprite.Editor.csproj", "{E2FC971F-7F74-99A2-FAEA-874C26757F24}"
EndProject
Project("{FAE04EC0-301F-11D3-BF4B-00C04F79EFBC}") = "UnityEditor.UI", "UnityEditor.UI.csproj", "{C8F73F4E-92DD-3537-B963-A94F12F9D0DA}"
EndProject
Project("{FAE04EC0-301F-11D3-BF4B-00C04F79EFBC}") = "Unity.Settings.Editor", "Unity.Settings.Editor.csproj", "{46754484-557D-FC30-0C08-866E9510F8B0}"
EndProject
Project("{FAE04EC0-301F-11D3-BF4B-00C04F79EFBC}") = "UnityEditor.SpatialTracking", "UnityEditor.SpatialTracking.csproj", "{610404E8-D4F0-3B61-FBC2-5AF6845664CC}"
EndProject
Project("{FAE04EC0-301F-11D3-BF4B-00C04F79EFBC}") = "PhotonUnityNetworking.Utilities.PhotonPlayer.Editor", "PhotonUnityNetworking.Utilities.PhotonPlayer.Editor.csproj", "{E621DD7B-03E2-D202-62FD-F5CF14C4FC02}"
EndProject
Project("{FAE04EC0-301F-11D3-BF4B-00C04F79EFBC}") = "Unity.Mathematics.Editor", "Unity.Mathematics.Editor.csproj", "{EED9BC84-A661-69D2-48C1-F27915B3C122}"
EndProject
Project("{FAE04EC0-301F-11D3-BF4B-00C04F79EFBC}") = "Unity.2D.Common.Editor", "Unity.2D.Common.Editor.csproj", "{291F263A-EEE5-14B9-9FCE-43460C56EFF1}"
EndProject
Project("{FAE04EC0-301F-11D3-BF4B-00C04F79EFBC}") = "UnityEditor.XR.LegacyInputHelpers", "UnityEditor.XR.LegacyInputHelpers.csproj", "{93FC0486-D33B-ED0D-BEE6-1616CBF88D59}"
EndProject
Project("{FAE04EC0-301F-11D3-BF4B-00C04F79EFBC}") = "PunDemos.DemoSlotcarEditor", "PunDemos.DemoSlotcarEditor.csproj", "{2F11F9DC-FF85-7E93-3862-F149AE947D53}"
EndProject
Project("{FAE04EC0-301F-11D3-BF4B-00C04F79EFBC}") = "PhotonUnityNetworking.Utilities.Culling.Editor", "PhotonUnityNetworking.Utilities.Culling.Editor.csproj", "{9AA5FC7D-57FB-EC26-3398-F101277F6088}"
EndProject
Project("{FAE04EC0-301F-11D3-BF4B-00C04F79EFBC}") = "PunDemos.DemoHubEditor", "PunDemos.DemoHubEditor.csproj", "{DCDE4832-68E9-B764-DABC-84733AE02AAB}"
EndProject
Project("{FAE04EC0-301F-11D3-BF4B-00C04F79EFBC}") = "Unity.InternalAPIEditorBridge.001", "Unity.InternalAPIEditorBridge.001.csproj", "{379B97C5-B1CE-082D-7963-E725290A6F44}"
EndProject
Project("{FAE04EC0-301F-11D3-BF4B-00C04F79EFBC}") = "Unity.ShaderGraph.Utilities", "Unity.ShaderGraph.Utilities.csproj", "{3A83963E-9D4F-2897-2710-A1F6EFACCC82}"
EndProject
Project("{FAE04EC0-301F-11D3-BF4B-00C04F79EFBC}") = "Unity.ProBuilder.AddOns.Editor", "Unity.ProBuilder.AddOns.Editor.csproj", "{F870DF4C-817B-6857-CC9F-3FFA4CE80E25}"
EndProject
Project("{FAE04EC0-301F-11D3-BF4B-00C04F79EFBC}") = "Analytics", "Analytics.csproj", "{DC2D3BEC-0A9F-206D-BEE3-D311390A1138}"
EndProject
Project("{FAE04EC0-301F-11D3-BF4B-00C04F79EFBC}") = "UnityEngine.UI", "UnityEngine.UI.Player.csproj", "{FF2451D1-827E-7429-868A-9A54E34DCA65}"
EndProject
Project("{FAE04EC0-301F-11D3-BF4B-00C04F79EFBC}") = "Unity.RenderPipelines.Core.Runtime", "Unity.RenderPipelines.Core.Runtime.Player.csproj", "{648BF12E-71A1-7334-DF46-823A52D226E7}"
EndProject
Project("{FAE04EC0-301F-11D3-BF4B-00C04F79EFBC}") = "UnityEngine.TestRunner", "UnityEngine.TestRunner.Player.csproj", "{E7CE14A5-19CD-0366-E6E1-518F200875C6}"
EndProject
Project("{FAE04EC0-301F-11D3-BF4B-00C04F79EFBC}") = "Assembly-CSharp", "Assembly-CSharp.Player.csproj", "{DD41B60C-9187-11F8-A13E-0B4A774794BB}"
EndProject
Project("{FAE04EC0-301F-11D3-BF4B-00C04F79EFBC}") = "V_Animation", "V_Animation.Player.csproj", "{9B4AE193-2842-D066-E21D-4F6728D6CAE7}"
EndProject
Project("{FAE04EC0-301F-11D3-BF4B-00C04F79EFBC}") = "Unity.Mathematics", "Unity.Mathematics.Player.csproj", "{A5666166-1350-3F5A-1484-6CB5652C3639}"
EndProject
Project("{FAE04EC0-301F-11D3-BF4B-00C04F79EFBC}") = "UnityEngine.Purchasing.WinRTCore", "UnityEngine.Purchasing.WinRTCore.Player.csproj", "{1CE38FFF-CE48-C8DC-E95A-6B509A8BF7C3}"
EndProject
Project("{FAE04EC0-301F-11D3-BF4B-00C04F79EFBC}") = "Unity.RenderPipelines.Universal.Runtime", "Unity.RenderPipelines.Universal.Runtime.Player.csproj", "{39408E8C-B9C8-B24B-4DA5-34EDEF190605}"
EndProject
Project("{FAE04EC0-301F-11D3-BF4B-00C04F79EFBC}") = "UnityEngine.XR.LegacyInputHelpers", "UnityEngine.XR.LegacyInputHelpers.Player.csproj", "{62524531-D8E7-C746-174B-67BD4973607E}"
EndProject
Project("{FAE04EC0-301F-11D3-BF4B-00C04F79EFBC}") = "UnityEngine.Monetization", "UnityEngine.Monetization.Player.csproj", "{D6D180AB-A1D6-1EF7-E100-806607D362E5}"
EndProject
Project("{FAE04EC0-301F-11D3-BF4B-00C04F79EFBC}") = "UnityEngine.Purchasing.AppleCore", "UnityEngine.Purchasing.AppleCore.Player.csproj", "{C6188599-625A-3F55-FEE6-AE958BF2CCC4}"
EndProject
Project("{FAE04EC0-301F-11D3-BF4B-00C04F79EFBC}") = "PhotonUnityNetworking.Demos", "PhotonUnityNetworking.Demos.Player.csproj", "{265366FA-9EAB-2340-FA12-BAABB9317216}"
EndProject
Project("{FAE04EC0-301F-11D3-BF4B-00C04F79EFBC}") = "Unity.2D.Animation.Runtime", "Unity.2D.Animation.Runtime.Player.csproj", "{75D6E5B1-C09B-E561-9DF7-C84079D5B564}"
EndProject
Project("{FAE04EC0-301F-11D3-BF4B-00C04F79EFBC}") = "Unity.TextMeshPro", "Unity.TextMeshPro.Player.csproj", "{8D722CBC-8DEE-F677-6A8F-148C006BD7D4}"
EndProject
Project("{FAE04EC0-301F-11D3-BF4B-00C04F79EFBC}") = "UnityEngine.Advertisements", "UnityEngine.Advertisements.Player.csproj", "{84F52594-59EB-4C89-4E16-9D80A7FCEA90}"
EndProject
Project("{FAE04EC0-301F-11D3-BF4B-00C04F79EFBC}") = "Unity.ProBuilder.Poly2Tri", "Unity.ProBuilder.Poly2Tri.Player.csproj", "{2A917E7C-8F1B-E294-7031-018F8CDCCDF7}"
EndProject
Project("{FAE04EC0-301F-11D3-BF4B-00C04F79EFBC}") = "Cinemachine", "Cinemachine.Player.csproj", "{97C61733-8D58-6035-2546-8F57B19BC790}"
EndProject
Project("{FAE04EC0-301F-11D3-BF4B-00C04F79EFBC}") = "Unity.Timeline", "Unity.Timeline.Player.csproj", "{E2085EB0-4EC0-B5DA-52F2-60D6A7EA7806}"
EndProject
Project("{FAE04EC0-301F-11D3-BF4B-00C04F79EFBC}") = "UnityEngine.Purchasing.Stores", "UnityEngine.Purchasing.Stores.Player.csproj", "{759C6CF4-A91C-A425-6687-AAD0C688DFCE}"
EndProject
Project("{FAE04EC0-301F-11D3-BF4B-00C04F79EFBC}") = "Unity.ProBuilder", "Unity.ProBuilder.Player.csproj", "{2D290A08-4496-888F-88E7-E72196F33E0C}"
EndProject
Project("{FAE04EC0-301F-11D3-BF4B-00C04F79EFBC}") = "UnityEngine.Purchasing", "UnityEngine.Purchasing.Player.csproj", "{8C838F74-0F5F-AE5C-5E62-8449DE0C147F}"
EndProject
Project("{FAE04EC0-301F-11D3-BF4B-00C04F79EFBC}") = "PhotonRealtime", "PhotonRealtime.Player.csproj", "{0819C918-30DA-BE6D-AB1E-93C89E532CC6}"
EndProject
Project("{FAE04EC0-301F-11D3-BF4B-00C04F79EFBC}") = "Unity.2D.SpriteShape.Runtime", "Unity.2D.SpriteShape.Runtime.Player.csproj", "{4D41A036-A68C-64E4-7191-96929A6D8FC7}"
EndProject
Project("{FAE04EC0-301F-11D3-BF4B-00C04F79EFBC}") = "PhotonUnityNetworking", "PhotonUnityNetworking.Player.csproj", "{B8FD5C00-54AE-ACBC-B999-30CD54A22C18}"
EndProject
Project("{FAE04EC0-301F-11D3-BF4B-00C04F79EFBC}") = "PhotonUnityNetworking.Utilities", "PhotonUnityNetworking.Utilities.Player.csproj", "{6F884A30-39AE-300D-3BC7-B5550C431499}"
EndProject
Project("{FAE04EC0-301F-11D3-BF4B-00C04F79EFBC}") = "Unity.2D.Animation.Triangle.Runtime", "Unity.2D.Animation.Triangle.Runtime.Player.csproj", "{7E469D91-B52D-3DCF-CEF8-CF8AB745E71A}"
EndProject
Project("{FAE04EC0-301F-11D3-BF4B-00C04F79EFBC}") = "UnityEngine.Purchasing.SecurityStub", "UnityEngine.Purchasing.SecurityStub.Player.csproj", "{2EF64636-C5C9-A304-178D-3513DFFA9740}"
EndProject
Project("{FAE04EC0-301F-11D3-BF4B-00C04F79EFBC}") = "Unity.ProBuilder.Csg", "Unity.ProBuilder.Csg.Player.csproj", "{76316E06-DA8E-B0E8-9F03-66D5B04340D2}"
EndProject
Project("{FAE04EC0-301F-11D3-BF4B-00C04F79EFBC}") = "Purchasing.Common", "Purchasing.Common.Player.csproj", "{55F725B4-F5FF-1A40-E0C0-61EBA0057BE2}"
EndProject
Project("{FAE04EC0-301F-11D3-BF4B-00C04F79EFBC}") = "Unity.2D.PixelPerfect", "Unity.2D.PixelPerfect.Player.csproj", "{E1D616B4-48C5-760E-B326-754FB821A62E}"
EndProject
Project("{FAE04EC0-301F-11D3-BF4B-00C04F79EFBC}") = "Unity.2D.IK.Runtime", "Unity.2D.IK.Runtime.Player.csproj", "{062ADB71-9BFC-B335-388E-436400E2F21E}"
EndProject
Project("{FAE04EC0-301F-11D3-BF4B-00C04F79EFBC}") = "UnityEngine.Purchasing.SecurityCore", "UnityEngine.Purchasing.SecurityCore.Player.csproj", "{4B8E380A-33AB-0DB7-1BFF-02F33FB0216C}"
EndProject
Project("{FAE04EC0-301F-11D3-BF4B-00C04F79EFBC}") = "PhotonChat", "PhotonChat.Player.csproj", "{F0EE08C1-0623-C20A-F233-196D8B81ED49}"
EndProject
Project("{FAE04EC0-301F-11D3-BF4B-00C04F79EFBC}") = "UnityEngine.Purchasing.WinRTStub", "UnityEngine.Purchasing.WinRTStub.Player.csproj", "{84488B50-E5E1-6364-4971-94281D8502CA}"
EndProject
Project("{FAE04EC0-301F-11D3-BF4B-00C04F79EFBC}") = "UnityEngine.Purchasing.AppleMacosStub", "UnityEngine.Purchasing.AppleMacosStub.Player.csproj", "{1C25C49F-BE1D-5F8B-5351-D397FF30B351}"
EndProject
Project("{FAE04EC0-301F-11D3-BF4B-00C04F79EFBC}") = "Unity.ProBuilder.KdTree", "Unity.ProBuilder.KdTree.Player.csproj", "{8AE3B401-FE89-DE19-C0C3-98AC5FC81CFB}"
EndProject
Project("{FAE04EC0-301F-11D3-BF4B-00C04F79EFBC}") = "Unity.2D.Common.Runtime", "Unity.2D.Common.Runtime.Player.csproj", "{0FB42067-2FD3-B52B-7CCB-A42BD4645E87}"
EndProject
Project("{FAE04EC0-301F-11D3-BF4B-00C04F79EFBC}") = "Unity.RenderPipelines.Core.ShaderLibrary", "Unity.RenderPipelines.Core.ShaderLibrary.Player.csproj", "{A7C0CAD2-85CD-BEEB-30BD-4719BB1C72F2}"
EndProject
Project("{FAE04EC0-301F-11D3-BF4B-00C04F79EFBC}") = "Unity.InternalAPIEngineBridge.001", "Unity.InternalAPIEngineBridge.001.Player.csproj", "{49278B8B-08FC-C615-707C-787EB71D336A}"
EndProject
Project("{FAE04EC0-301F-11D3-BF4B-00C04F79EFBC}") = "Unity.Analytics.DataPrivacy", "Unity.Analytics.DataPrivacy.Player.csproj", "{C8C21BD0-1CCD-03DE-4524-1A6978AB40AD}"
EndProject
Project("{FAE04EC0-301F-11D3-BF4B-00C04F79EFBC}") = "UnityEngine.SpatialTracking", "UnityEngine.SpatialTracking.Player.csproj", "{0AE24F2E-BC4D-6BFE-F40E-7FCB0AB3E9FE}"
EndProject
Project("{FAE04EC0-301F-11D3-BF4B-00C04F79EFBC}") = "Unity.RenderPipeline.Universal.ShaderLibrary", "Unity.RenderPipeline.Universal.ShaderLibrary.Player.csproj", "{3D3D3210-6CAA-529D-76DF-50212A91E3CB}"
EndProject
Project("{FAE04EC0-301F-11D3-BF4B-00C04F79EFBC}") = "UnityEngine.Purchasing.Codeless", "UnityEngine.Purchasing.Codeless.Player.csproj", "{83758D36-6243-E898-D6F8-292DE85FFC0A}"
EndProject
Project("{FAE04EC0-301F-11D3-BF4B-00C04F79EFBC}") = "Unity.ProBuilder.Stl", "Unity.ProBuilder.Stl.Player.csproj", "{D9812857-831B-34B8-9088-DA9D98221FE5}"
EndProject
Project("{FAE04EC0-301F-11D3-BF4B-00C04F79EFBC}") = "UnityEngine.Purchasing.AppleStub", "UnityEngine.Purchasing.AppleStub.Player.csproj", "{84CFE75A-1427-7FDA-E659-5089C438D767}"
EndProject
Project("{FAE04EC0-301F-11D3-BF4B-00C04F79EFBC}") = "Unity.RenderPipelines.Universal.Shaders", "Unity.RenderPipelines.Universal.Shaders.Player.csproj", "{CB9423DD-B0EF-18A6-DC6E-3F4AE5759430}"
EndProject
Project("{FAE04EC0-301F-11D3-BF4B-00C04F79EFBC}") = "Unity.RenderPipelines.ShaderGraph.ShaderGraphLibrary", "Unity.RenderPipelines.ShaderGraph.ShaderGraphLibrary.Player.csproj", "{27CDEB00-2E80-B982-13D3-E0105A8A860C}"
EndProject
Global
	GlobalSection(SolutionConfigurationPlatforms) = preSolution
		Debug|Any CPU = Debug|Any CPU
		Release|Any CPU = Release|Any CPU
	EndGlobalSection
	GlobalSection(ProjectConfigurationPlatforms) = postSolution
		{5A5DEA1E-7EE4-96C0-A1DB-9A112B8DE8F2}.Debug|Any CPU.ActiveCfg = Debug|Any CPU
		{5A5DEA1E-7EE4-96C0-A1DB-9A112B8DE8F2}.Debug|Any CPU.Build.0 = Debug|Any CPU
		{5A5DEA1E-7EE4-96C0-A1DB-9A112B8DE8F2}.Release|Any CPU.ActiveCfg = Release|Any CPU
		{5A5DEA1E-7EE4-96C0-A1DB-9A112B8DE8F2}.Release|Any CPU.Build.0 = Release|Any CPU
		{E6C35D80-12EC-FD7B-073C-47BB857CE03B}.Debug|Any CPU.ActiveCfg = Debug|Any CPU
		{E6C35D80-12EC-FD7B-073C-47BB857CE03B}.Debug|Any CPU.Build.0 = Debug|Any CPU
		{E6C35D80-12EC-FD7B-073C-47BB857CE03B}.Release|Any CPU.ActiveCfg = Release|Any CPU
		{E6C35D80-12EC-FD7B-073C-47BB857CE03B}.Release|Any CPU.Build.0 = Release|Any CPU
		{95744066-7A13-E50C-B219-B5A456DAEC8F}.Debug|Any CPU.ActiveCfg = Debug|Any CPU
		{95744066-7A13-E50C-B219-B5A456DAEC8F}.Debug|Any CPU.Build.0 = Debug|Any CPU
		{95744066-7A13-E50C-B219-B5A456DAEC8F}.Release|Any CPU.ActiveCfg = Release|Any CPU
		{95744066-7A13-E50C-B219-B5A456DAEC8F}.Release|Any CPU.Build.0 = Release|Any CPU
		{0C99CD62-D4EB-FA09-AEA2-9BD568997933}.Debug|Any CPU.ActiveCfg = Debug|Any CPU
		{0C99CD62-D4EB-FA09-AEA2-9BD568997933}.Debug|Any CPU.Build.0 = Debug|Any CPU
		{0C99CD62-D4EB-FA09-AEA2-9BD568997933}.Release|Any CPU.ActiveCfg = Release|Any CPU
		{0C99CD62-D4EB-FA09-AEA2-9BD568997933}.Release|Any CPU.Build.0 = Release|Any CPU
		{A48F40F0-9DC5-5D70-4E7F-3B23E1F1EFE9}.Debug|Any CPU.ActiveCfg = Debug|Any CPU
		{A48F40F0-9DC5-5D70-4E7F-3B23E1F1EFE9}.Debug|Any CPU.Build.0 = Debug|Any CPU
		{A48F40F0-9DC5-5D70-4E7F-3B23E1F1EFE9}.Release|Any CPU.ActiveCfg = Release|Any CPU
		{A48F40F0-9DC5-5D70-4E7F-3B23E1F1EFE9}.Release|Any CPU.Build.0 = Release|Any CPU
		{EC01C765-336A-EC5F-DB45-527B66574E37}.Debug|Any CPU.ActiveCfg = Debug|Any CPU
		{EC01C765-336A-EC5F-DB45-527B66574E37}.Debug|Any CPU.Build.0 = Debug|Any CPU
		{EC01C765-336A-EC5F-DB45-527B66574E37}.Release|Any CPU.ActiveCfg = Release|Any CPU
		{EC01C765-336A-EC5F-DB45-527B66574E37}.Release|Any CPU.Build.0 = Release|Any CPU
		{0F3E9865-729F-9E93-A293-5DC2476D6F89}.Debug|Any CPU.ActiveCfg = Debug|Any CPU
		{0F3E9865-729F-9E93-A293-5DC2476D6F89}.Debug|Any CPU.Build.0 = Debug|Any CPU
		{0F3E9865-729F-9E93-A293-5DC2476D6F89}.Release|Any CPU.ActiveCfg = Release|Any CPU
		{0F3E9865-729F-9E93-A293-5DC2476D6F89}.Release|Any CPU.Build.0 = Release|Any CPU
		{3C67B48B-C5E0-FC03-1119-72701A2D6563}.Debug|Any CPU.ActiveCfg = Debug|Any CPU
		{3C67B48B-C5E0-FC03-1119-72701A2D6563}.Debug|Any CPU.Build.0 = Debug|Any CPU
		{3C67B48B-C5E0-FC03-1119-72701A2D6563}.Release|Any CPU.ActiveCfg = Release|Any CPU
		{3C67B48B-C5E0-FC03-1119-72701A2D6563}.Release|Any CPU.Build.0 = Release|Any CPU
		{39B65C94-E365-E658-29D6-54BAF8DE25ED}.Debug|Any CPU.ActiveCfg = Debug|Any CPU
		{39B65C94-E365-E658-29D6-54BAF8DE25ED}.Debug|Any CPU.Build.0 = Debug|Any CPU
		{39B65C94-E365-E658-29D6-54BAF8DE25ED}.Release|Any CPU.ActiveCfg = Release|Any CPU
		{39B65C94-E365-E658-29D6-54BAF8DE25ED}.Release|Any CPU.Build.0 = Release|Any CPU
		{5EAB3891-4579-6042-30B8-C80B41E9A077}.Debug|Any CPU.ActiveCfg = Debug|Any CPU
		{5EAB3891-4579-6042-30B8-C80B41E9A077}.Debug|Any CPU.Build.0 = Debug|Any CPU
		{5EAB3891-4579-6042-30B8-C80B41E9A077}.Release|Any CPU.ActiveCfg = Release|Any CPU
		{5EAB3891-4579-6042-30B8-C80B41E9A077}.Release|Any CPU.Build.0 = Release|Any CPU
		{CB4B10A1-B777-01C3-11B6-9BDA42E5CFC6}.Debug|Any CPU.ActiveCfg = Debug|Any CPU
		{CB4B10A1-B777-01C3-11B6-9BDA42E5CFC6}.Debug|Any CPU.Build.0 = Debug|Any CPU
		{CB4B10A1-B777-01C3-11B6-9BDA42E5CFC6}.Release|Any CPU.ActiveCfg = Release|Any CPU
		{CB4B10A1-B777-01C3-11B6-9BDA42E5CFC6}.Release|Any CPU.Build.0 = Release|Any CPU
		{6F4772DC-CE34-6D4B-4CFB-D4E93CFFF5FA}.Debug|Any CPU.ActiveCfg = Debug|Any CPU
		{6F4772DC-CE34-6D4B-4CFB-D4E93CFFF5FA}.Debug|Any CPU.Build.0 = Debug|Any CPU
		{6F4772DC-CE34-6D4B-4CFB-D4E93CFFF5FA}.Release|Any CPU.ActiveCfg = Release|Any CPU
		{6F4772DC-CE34-6D4B-4CFB-D4E93CFFF5FA}.Release|Any CPU.Build.0 = Release|Any CPU
		{2B065034-F820-44E0-DD1C-5FF0B3D59F3B}.Debug|Any CPU.ActiveCfg = Debug|Any CPU
		{2B065034-F820-44E0-DD1C-5FF0B3D59F3B}.Debug|Any CPU.Build.0 = Debug|Any CPU
		{2B065034-F820-44E0-DD1C-5FF0B3D59F3B}.Release|Any CPU.ActiveCfg = Release|Any CPU
		{2B065034-F820-44E0-DD1C-5FF0B3D59F3B}.Release|Any CPU.Build.0 = Release|Any CPU
		{9FB6D339-B37F-08EA-68AF-522282A600BA}.Debug|Any CPU.ActiveCfg = Debug|Any CPU
		{9FB6D339-B37F-08EA-68AF-522282A600BA}.Debug|Any CPU.Build.0 = Debug|Any CPU
		{9FB6D339-B37F-08EA-68AF-522282A600BA}.Release|Any CPU.ActiveCfg = Release|Any CPU
		{9FB6D339-B37F-08EA-68AF-522282A600BA}.Release|Any CPU.Build.0 = Release|Any CPU
		{4799C58A-CB63-F818-6345-2569BA5697C0}.Debug|Any CPU.ActiveCfg = Debug|Any CPU
		{4799C58A-CB63-F818-6345-2569BA5697C0}.Debug|Any CPU.Build.0 = Debug|Any CPU
		{4799C58A-CB63-F818-6345-2569BA5697C0}.Release|Any CPU.ActiveCfg = Release|Any CPU
		{4799C58A-CB63-F818-6345-2569BA5697C0}.Release|Any CPU.Build.0 = Release|Any CPU
		{BAA3A825-197D-0D6D-CE99-87B5E2269578}.Debug|Any CPU.ActiveCfg = Debug|Any CPU
		{BAA3A825-197D-0D6D-CE99-87B5E2269578}.Debug|Any CPU.Build.0 = Debug|Any CPU
		{BAA3A825-197D-0D6D-CE99-87B5E2269578}.Release|Any CPU.ActiveCfg = Release|Any CPU
		{BAA3A825-197D-0D6D-CE99-87B5E2269578}.Release|Any CPU.Build.0 = Release|Any CPU
		{CBCA3419-9D1C-A568-326B-B3064E9A6174}.Debug|Any CPU.ActiveCfg = Debug|Any CPU
		{CBCA3419-9D1C-A568-326B-B3064E9A6174}.Debug|Any CPU.Build.0 = Debug|Any CPU
		{CBCA3419-9D1C-A568-326B-B3064E9A6174}.Release|Any CPU.ActiveCfg = Release|Any CPU
		{CBCA3419-9D1C-A568-326B-B3064E9A6174}.Release|Any CPU.Build.0 = Release|Any CPU
		{B8FC54CD-57A0-489C-73E3-7DC1097383DD}.Debug|Any CPU.ActiveCfg = Debug|Any CPU
		{B8FC54CD-57A0-489C-73E3-7DC1097383DD}.Debug|Any CPU.Build.0 = Debug|Any CPU
		{B8FC54CD-57A0-489C-73E3-7DC1097383DD}.Release|Any CPU.ActiveCfg = Release|Any CPU
		{B8FC54CD-57A0-489C-73E3-7DC1097383DD}.Release|Any CPU.Build.0 = Release|Any CPU
		{CBAA805B-4495-E8AD-593B-977101034FE6}.Debug|Any CPU.ActiveCfg = Debug|Any CPU
		{CBAA805B-4495-E8AD-593B-977101034FE6}.Debug|Any CPU.Build.0 = Debug|Any CPU
		{CBAA805B-4495-E8AD-593B-977101034FE6}.Release|Any CPU.ActiveCfg = Release|Any CPU
		{CBAA805B-4495-E8AD-593B-977101034FE6}.Release|Any CPU.Build.0 = Release|Any CPU
		{8A204A31-5C22-250E-66DC-E7CF3D562A26}.Debug|Any CPU.ActiveCfg = Debug|Any CPU
		{8A204A31-5C22-250E-66DC-E7CF3D562A26}.Debug|Any CPU.Build.0 = Debug|Any CPU
		{8A204A31-5C22-250E-66DC-E7CF3D562A26}.Release|Any CPU.ActiveCfg = Release|Any CPU
		{8A204A31-5C22-250E-66DC-E7CF3D562A26}.Release|Any CPU.Build.0 = Release|Any CPU
		{ED3A410C-BD2F-A64C-A8C3-655ACF58366A}.Debug|Any CPU.ActiveCfg = Debug|Any CPU
		{ED3A410C-BD2F-A64C-A8C3-655ACF58366A}.Debug|Any CPU.Build.0 = Debug|Any CPU
		{ED3A410C-BD2F-A64C-A8C3-655ACF58366A}.Release|Any CPU.ActiveCfg = Release|Any CPU
		{ED3A410C-BD2F-A64C-A8C3-655ACF58366A}.Release|Any CPU.Build.0 = Release|Any CPU
		{B73B83D0-21CA-1A9F-9A05-2027DAF9ACEB}.Debug|Any CPU.ActiveCfg = Debug|Any CPU
		{B73B83D0-21CA-1A9F-9A05-2027DAF9ACEB}.Debug|Any CPU.Build.0 = Debug|Any CPU
		{B73B83D0-21CA-1A9F-9A05-2027DAF9ACEB}.Release|Any CPU.ActiveCfg = Release|Any CPU
		{B73B83D0-21CA-1A9F-9A05-2027DAF9ACEB}.Release|Any CPU.Build.0 = Release|Any CPU
		{8392BBA8-8ABD-F6AC-3014-4A02C1812191}.Debug|Any CPU.ActiveCfg = Debug|Any CPU
		{8392BBA8-8ABD-F6AC-3014-4A02C1812191}.Debug|Any CPU.Build.0 = Debug|Any CPU
		{8392BBA8-8ABD-F6AC-3014-4A02C1812191}.Release|Any CPU.ActiveCfg = Release|Any CPU
		{8392BBA8-8ABD-F6AC-3014-4A02C1812191}.Release|Any CPU.Build.0 = Release|Any CPU
		{794AA0C5-FAFD-4016-F73F-FE0AD5D139E4}.Debug|Any CPU.ActiveCfg = Debug|Any CPU
		{794AA0C5-FAFD-4016-F73F-FE0AD5D139E4}.Debug|Any CPU.Build.0 = Debug|Any CPU
		{794AA0C5-FAFD-4016-F73F-FE0AD5D139E4}.Release|Any CPU.ActiveCfg = Release|Any CPU
		{794AA0C5-FAFD-4016-F73F-FE0AD5D139E4}.Release|Any CPU.Build.0 = Release|Any CPU
		{E5C2FBB3-1860-1DAD-EB03-D070EE459086}.Debug|Any CPU.ActiveCfg = Debug|Any CPU
		{E5C2FBB3-1860-1DAD-EB03-D070EE459086}.Debug|Any CPU.Build.0 = Debug|Any CPU
		{E5C2FBB3-1860-1DAD-EB03-D070EE459086}.Release|Any CPU.ActiveCfg = Release|Any CPU
		{E5C2FBB3-1860-1DAD-EB03-D070EE459086}.Release|Any CPU.Build.0 = Release|Any CPU
		{316A6767-9403-9FB3-4A8D-5A66B19447B0}.Debug|Any CPU.ActiveCfg = Debug|Any CPU
		{316A6767-9403-9FB3-4A8D-5A66B19447B0}.Debug|Any CPU.Build.0 = Debug|Any CPU
		{316A6767-9403-9FB3-4A8D-5A66B19447B0}.Release|Any CPU.ActiveCfg = Release|Any CPU
		{316A6767-9403-9FB3-4A8D-5A66B19447B0}.Release|Any CPU.Build.0 = Release|Any CPU
		{0CA3F96F-C657-C667-0522-5F87F516962F}.Debug|Any CPU.ActiveCfg = Debug|Any CPU
		{0CA3F96F-C657-C667-0522-5F87F516962F}.Debug|Any CPU.Build.0 = Debug|Any CPU
		{0CA3F96F-C657-C667-0522-5F87F516962F}.Release|Any CPU.ActiveCfg = Release|Any CPU
		{0CA3F96F-C657-C667-0522-5F87F516962F}.Release|Any CPU.Build.0 = Release|Any CPU
		{E17EEDB2-07E4-FCF7-BC9D-C11645D7B5CA}.Debug|Any CPU.ActiveCfg = Debug|Any CPU
		{E17EEDB2-07E4-FCF7-BC9D-C11645D7B5CA}.Debug|Any CPU.Build.0 = Debug|Any CPU
		{E17EEDB2-07E4-FCF7-BC9D-C11645D7B5CA}.Release|Any CPU.ActiveCfg = Release|Any CPU
		{E17EEDB2-07E4-FCF7-BC9D-C11645D7B5CA}.Release|Any CPU.Build.0 = Release|Any CPU
		{DA00B843-77BC-927C-18F9-E8080AAF8CC6}.Debug|Any CPU.ActiveCfg = Debug|Any CPU
		{DA00B843-77BC-927C-18F9-E8080AAF8CC6}.Debug|Any CPU.Build.0 = Debug|Any CPU
		{DA00B843-77BC-927C-18F9-E8080AAF8CC6}.Release|Any CPU.ActiveCfg = Release|Any CPU
		{DA00B843-77BC-927C-18F9-E8080AAF8CC6}.Release|Any CPU.Build.0 = Release|Any CPU
		{FAF01F86-E671-B675-7DEC-7A651459181C}.Debug|Any CPU.ActiveCfg = Debug|Any CPU
		{FAF01F86-E671-B675-7DEC-7A651459181C}.Debug|Any CPU.Build.0 = Debug|Any CPU
		{FAF01F86-E671-B675-7DEC-7A651459181C}.Release|Any CPU.ActiveCfg = Release|Any CPU
		{FAF01F86-E671-B675-7DEC-7A651459181C}.Release|Any CPU.Build.0 = Release|Any CPU
		{70EF642A-9BD6-63FC-6BEF-428D75AD7B6D}.Debug|Any CPU.ActiveCfg = Debug|Any CPU
		{70EF642A-9BD6-63FC-6BEF-428D75AD7B6D}.Debug|Any CPU.Build.0 = Debug|Any CPU
		{70EF642A-9BD6-63FC-6BEF-428D75AD7B6D}.Release|Any CPU.ActiveCfg = Release|Any CPU
		{70EF642A-9BD6-63FC-6BEF-428D75AD7B6D}.Release|Any CPU.Build.0 = Release|Any CPU
		{64E4C6ED-383D-3957-1E7C-1D3F0B6674D4}.Debug|Any CPU.ActiveCfg = Debug|Any CPU
		{64E4C6ED-383D-3957-1E7C-1D3F0B6674D4}.Debug|Any CPU.Build.0 = Debug|Any CPU
		{64E4C6ED-383D-3957-1E7C-1D3F0B6674D4}.Release|Any CPU.ActiveCfg = Release|Any CPU
		{64E4C6ED-383D-3957-1E7C-1D3F0B6674D4}.Release|Any CPU.Build.0 = Release|Any CPU
		{1F5FB62D-2A4A-75AD-77BD-C39C9C7ED9AB}.Debug|Any CPU.ActiveCfg = Debug|Any CPU
		{1F5FB62D-2A4A-75AD-77BD-C39C9C7ED9AB}.Debug|Any CPU.Build.0 = Debug|Any CPU
		{1F5FB62D-2A4A-75AD-77BD-C39C9C7ED9AB}.Release|Any CPU.ActiveCfg = Release|Any CPU
		{1F5FB62D-2A4A-75AD-77BD-C39C9C7ED9AB}.Release|Any CPU.Build.0 = Release|Any CPU
		{3C5397E5-1A0A-C03C-D3BE-8687327B0ABF}.Debug|Any CPU.ActiveCfg = Debug|Any CPU
		{3C5397E5-1A0A-C03C-D3BE-8687327B0ABF}.Debug|Any CPU.Build.0 = Debug|Any CPU
		{3C5397E5-1A0A-C03C-D3BE-8687327B0ABF}.Release|Any CPU.ActiveCfg = Release|Any CPU
		{3C5397E5-1A0A-C03C-D3BE-8687327B0ABF}.Release|Any CPU.Build.0 = Release|Any CPU
		{05D7EEFE-937C-9E02-10AD-C3ED1CC4734C}.Debug|Any CPU.ActiveCfg = Debug|Any CPU
		{05D7EEFE-937C-9E02-10AD-C3ED1CC4734C}.Debug|Any CPU.Build.0 = Debug|Any CPU
		{05D7EEFE-937C-9E02-10AD-C3ED1CC4734C}.Release|Any CPU.ActiveCfg = Release|Any CPU
		{05D7EEFE-937C-9E02-10AD-C3ED1CC4734C}.Release|Any CPU.Build.0 = Release|Any CPU
		{7D86F68D-6B06-9E21-BB98-1484D324E634}.Debug|Any CPU.ActiveCfg = Debug|Any CPU
		{7D86F68D-6B06-9E21-BB98-1484D324E634}.Debug|Any CPU.Build.0 = Debug|Any CPU
		{7D86F68D-6B06-9E21-BB98-1484D324E634}.Release|Any CPU.ActiveCfg = Release|Any CPU
		{7D86F68D-6B06-9E21-BB98-1484D324E634}.Release|Any CPU.Build.0 = Release|Any CPU
		{563518B0-573E-C441-50DF-E815A7FD3C5C}.Debug|Any CPU.ActiveCfg = Debug|Any CPU
		{563518B0-573E-C441-50DF-E815A7FD3C5C}.Debug|Any CPU.Build.0 = Debug|Any CPU
		{563518B0-573E-C441-50DF-E815A7FD3C5C}.Release|Any CPU.ActiveCfg = Release|Any CPU
		{563518B0-573E-C441-50DF-E815A7FD3C5C}.Release|Any CPU.Build.0 = Release|Any CPU
		{58F16A98-F592-ADD9-1BA2-A4EBA1607635}.Debug|Any CPU.ActiveCfg = Debug|Any CPU
		{58F16A98-F592-ADD9-1BA2-A4EBA1607635}.Debug|Any CPU.Build.0 = Debug|Any CPU
		{58F16A98-F592-ADD9-1BA2-A4EBA1607635}.Release|Any CPU.ActiveCfg = Release|Any CPU
		{58F16A98-F592-ADD9-1BA2-A4EBA1607635}.Release|Any CPU.Build.0 = Release|Any CPU
		{43C2AFB5-43A5-DAB1-18A0-38FBF57F0D03}.Debug|Any CPU.ActiveCfg = Debug|Any CPU
		{43C2AFB5-43A5-DAB1-18A0-38FBF57F0D03}.Debug|Any CPU.Build.0 = Debug|Any CPU
		{43C2AFB5-43A5-DAB1-18A0-38FBF57F0D03}.Release|Any CPU.ActiveCfg = Release|Any CPU
		{43C2AFB5-43A5-DAB1-18A0-38FBF57F0D03}.Release|Any CPU.Build.0 = Release|Any CPU
		{5098C368-80BC-7C95-0596-0CB64AB6B2B7}.Debug|Any CPU.ActiveCfg = Debug|Any CPU
		{5098C368-80BC-7C95-0596-0CB64AB6B2B7}.Debug|Any CPU.Build.0 = Debug|Any CPU
		{5098C368-80BC-7C95-0596-0CB64AB6B2B7}.Release|Any CPU.ActiveCfg = Release|Any CPU
		{5098C368-80BC-7C95-0596-0CB64AB6B2B7}.Release|Any CPU.Build.0 = Release|Any CPU
		{6565D815-1C74-D25A-9BB8-C9FE932B0571}.Debug|Any CPU.ActiveCfg = Debug|Any CPU
		{6565D815-1C74-D25A-9BB8-C9FE932B0571}.Debug|Any CPU.Build.0 = Debug|Any CPU
		{6565D815-1C74-D25A-9BB8-C9FE932B0571}.Release|Any CPU.ActiveCfg = Release|Any CPU
		{6565D815-1C74-D25A-9BB8-C9FE932B0571}.Release|Any CPU.Build.0 = Release|Any CPU
		{C20A1059-A13F-A427-F8BB-00AAF01F2290}.Debug|Any CPU.ActiveCfg = Debug|Any CPU
		{C20A1059-A13F-A427-F8BB-00AAF01F2290}.Debug|Any CPU.Build.0 = Debug|Any CPU
		{C20A1059-A13F-A427-F8BB-00AAF01F2290}.Release|Any CPU.ActiveCfg = Release|Any CPU
		{C20A1059-A13F-A427-F8BB-00AAF01F2290}.Release|Any CPU.Build.0 = Release|Any CPU
		{73AF3902-B15A-D38A-327C-457228479439}.Debug|Any CPU.ActiveCfg = Debug|Any CPU
		{73AF3902-B15A-D38A-327C-457228479439}.Debug|Any CPU.Build.0 = Debug|Any CPU
		{73AF3902-B15A-D38A-327C-457228479439}.Release|Any CPU.ActiveCfg = Release|Any CPU
		{73AF3902-B15A-D38A-327C-457228479439}.Release|Any CPU.Build.0 = Release|Any CPU
		{C95BC525-D7DE-12B6-FF38-D960E91CB53A}.Debug|Any CPU.ActiveCfg = Debug|Any CPU
		{C95BC525-D7DE-12B6-FF38-D960E91CB53A}.Debug|Any CPU.Build.0 = Debug|Any CPU
		{C95BC525-D7DE-12B6-FF38-D960E91CB53A}.Release|Any CPU.ActiveCfg = Release|Any CPU
		{C95BC525-D7DE-12B6-FF38-D960E91CB53A}.Release|Any CPU.Build.0 = Release|Any CPU
		{04326722-9D36-4693-38D2-983E4C1231A4}.Debug|Any CPU.ActiveCfg = Debug|Any CPU
		{04326722-9D36-4693-38D2-983E4C1231A4}.Debug|Any CPU.Build.0 = Debug|Any CPU
		{04326722-9D36-4693-38D2-983E4C1231A4}.Release|Any CPU.ActiveCfg = Release|Any CPU
		{04326722-9D36-4693-38D2-983E4C1231A4}.Release|Any CPU.Build.0 = Release|Any CPU
		{2AE7B865-A84A-A9C3-DA1E-8F02D3013562}.Debug|Any CPU.ActiveCfg = Debug|Any CPU
		{2AE7B865-A84A-A9C3-DA1E-8F02D3013562}.Debug|Any CPU.Build.0 = Debug|Any CPU
		{2AE7B865-A84A-A9C3-DA1E-8F02D3013562}.Release|Any CPU.ActiveCfg = Release|Any CPU
		{2AE7B865-A84A-A9C3-DA1E-8F02D3013562}.Release|Any CPU.Build.0 = Release|Any CPU
		{400833C7-7D0C-6832-1C35-1011CB8FE8F4}.Debug|Any CPU.ActiveCfg = Debug|Any CPU
		{400833C7-7D0C-6832-1C35-1011CB8FE8F4}.Debug|Any CPU.Build.0 = Debug|Any CPU
		{400833C7-7D0C-6832-1C35-1011CB8FE8F4}.Release|Any CPU.ActiveCfg = Release|Any CPU
		{400833C7-7D0C-6832-1C35-1011CB8FE8F4}.Release|Any CPU.Build.0 = Release|Any CPU
		{90682A74-7AD5-FD17-3DE9-6CE49A011334}.Debug|Any CPU.ActiveCfg = Debug|Any CPU
		{90682A74-7AD5-FD17-3DE9-6CE49A011334}.Debug|Any CPU.Build.0 = Debug|Any CPU
		{90682A74-7AD5-FD17-3DE9-6CE49A011334}.Release|Any CPU.ActiveCfg = Release|Any CPU
		{90682A74-7AD5-FD17-3DE9-6CE49A011334}.Release|Any CPU.Build.0 = Release|Any CPU
		{AA026711-2A18-6F31-380D-9E105BCD416F}.Debug|Any CPU.ActiveCfg = Debug|Any CPU
		{AA026711-2A18-6F31-380D-9E105BCD416F}.Debug|Any CPU.Build.0 = Debug|Any CPU
		{AA026711-2A18-6F31-380D-9E105BCD416F}.Release|Any CPU.ActiveCfg = Release|Any CPU
		{AA026711-2A18-6F31-380D-9E105BCD416F}.Release|Any CPU.Build.0 = Release|Any CPU
		{5875979B-4150-77AD-715A-50E473B81E09}.Debug|Any CPU.ActiveCfg = Debug|Any CPU
		{5875979B-4150-77AD-715A-50E473B81E09}.Debug|Any CPU.Build.0 = Debug|Any CPU
		{5875979B-4150-77AD-715A-50E473B81E09}.Release|Any CPU.ActiveCfg = Release|Any CPU
		{5875979B-4150-77AD-715A-50E473B81E09}.Release|Any CPU.Build.0 = Release|Any CPU
		{DBA505A7-FB4C-C816-C2A6-F824614BA356}.Debug|Any CPU.ActiveCfg = Debug|Any CPU
		{DBA505A7-FB4C-C816-C2A6-F824614BA356}.Debug|Any CPU.Build.0 = Debug|Any CPU
		{DBA505A7-FB4C-C816-C2A6-F824614BA356}.Release|Any CPU.ActiveCfg = Release|Any CPU
		{DBA505A7-FB4C-C816-C2A6-F824614BA356}.Release|Any CPU.Build.0 = Release|Any CPU
		{A2C71F30-139F-79BF-434A-DD9031665876}.Debug|Any CPU.ActiveCfg = Debug|Any CPU
		{A2C71F30-139F-79BF-434A-DD9031665876}.Debug|Any CPU.Build.0 = Debug|Any CPU
		{A2C71F30-139F-79BF-434A-DD9031665876}.Release|Any CPU.ActiveCfg = Release|Any CPU
		{A2C71F30-139F-79BF-434A-DD9031665876}.Release|Any CPU.Build.0 = Release|Any CPU
		{E957072C-993E-3D82-B617-B1B186FEC3D8}.Debug|Any CPU.ActiveCfg = Debug|Any CPU
		{E957072C-993E-3D82-B617-B1B186FEC3D8}.Debug|Any CPU.Build.0 = Debug|Any CPU
		{E957072C-993E-3D82-B617-B1B186FEC3D8}.Release|Any CPU.ActiveCfg = Release|Any CPU
		{E957072C-993E-3D82-B617-B1B186FEC3D8}.Release|Any CPU.Build.0 = Release|Any CPU
		{32161C59-0147-AEF6-2736-81FD0D25A093}.Debug|Any CPU.ActiveCfg = Debug|Any CPU
		{32161C59-0147-AEF6-2736-81FD0D25A093}.Debug|Any CPU.Build.0 = Debug|Any CPU
		{32161C59-0147-AEF6-2736-81FD0D25A093}.Release|Any CPU.ActiveCfg = Release|Any CPU
		{32161C59-0147-AEF6-2736-81FD0D25A093}.Release|Any CPU.Build.0 = Release|Any CPU
		{07E97D05-86A6-8BFA-38FF-E5AB5B38F520}.Debug|Any CPU.ActiveCfg = Debug|Any CPU
		{07E97D05-86A6-8BFA-38FF-E5AB5B38F520}.Debug|Any CPU.Build.0 = Debug|Any CPU
		{07E97D05-86A6-8BFA-38FF-E5AB5B38F520}.Release|Any CPU.ActiveCfg = Release|Any CPU
		{07E97D05-86A6-8BFA-38FF-E5AB5B38F520}.Release|Any CPU.Build.0 = Release|Any CPU
		{4107A206-45E9-C675-515F-D7B8A6FEA10F}.Debug|Any CPU.ActiveCfg = Debug|Any CPU
		{4107A206-45E9-C675-515F-D7B8A6FEA10F}.Debug|Any CPU.Build.0 = Debug|Any CPU
		{4107A206-45E9-C675-515F-D7B8A6FEA10F}.Release|Any CPU.ActiveCfg = Release|Any CPU
		{4107A206-45E9-C675-515F-D7B8A6FEA10F}.Release|Any CPU.Build.0 = Release|Any CPU
		{857AC299-9621-0325-50FF-F1708373CCAF}.Debug|Any CPU.ActiveCfg = Debug|Any CPU
		{857AC299-9621-0325-50FF-F1708373CCAF}.Debug|Any CPU.Build.0 = Debug|Any CPU
		{857AC299-9621-0325-50FF-F1708373CCAF}.Release|Any CPU.ActiveCfg = Release|Any CPU
		{857AC299-9621-0325-50FF-F1708373CCAF}.Release|Any CPU.Build.0 = Release|Any CPU
		{5D54076D-AB5F-E4A0-179F-224AACD5AB7E}.Debug|Any CPU.ActiveCfg = Debug|Any CPU
		{5D54076D-AB5F-E4A0-179F-224AACD5AB7E}.Debug|Any CPU.Build.0 = Debug|Any CPU
		{5D54076D-AB5F-E4A0-179F-224AACD5AB7E}.Release|Any CPU.ActiveCfg = Release|Any CPU
		{5D54076D-AB5F-E4A0-179F-224AACD5AB7E}.Release|Any CPU.Build.0 = Release|Any CPU
		{97D8ADCC-EB5B-706E-FA9B-DA1D7D86DBFB}.Debug|Any CPU.ActiveCfg = Debug|Any CPU
		{97D8ADCC-EB5B-706E-FA9B-DA1D7D86DBFB}.Debug|Any CPU.Build.0 = Debug|Any CPU
		{97D8ADCC-EB5B-706E-FA9B-DA1D7D86DBFB}.Release|Any CPU.ActiveCfg = Release|Any CPU
		{97D8ADCC-EB5B-706E-FA9B-DA1D7D86DBFB}.Release|Any CPU.Build.0 = Release|Any CPU
		{71745A9E-0C01-CB3C-9771-898F0DC7C130}.Debug|Any CPU.ActiveCfg = Debug|Any CPU
		{71745A9E-0C01-CB3C-9771-898F0DC7C130}.Debug|Any CPU.Build.0 = Debug|Any CPU
		{71745A9E-0C01-CB3C-9771-898F0DC7C130}.Release|Any CPU.ActiveCfg = Release|Any CPU
		{71745A9E-0C01-CB3C-9771-898F0DC7C130}.Release|Any CPU.Build.0 = Release|Any CPU
		{D98EF669-05FA-1B06-7972-74787B875C29}.Debug|Any CPU.ActiveCfg = Debug|Any CPU
		{D98EF669-05FA-1B06-7972-74787B875C29}.Debug|Any CPU.Build.0 = Debug|Any CPU
		{D98EF669-05FA-1B06-7972-74787B875C29}.Release|Any CPU.ActiveCfg = Release|Any CPU
		{D98EF669-05FA-1B06-7972-74787B875C29}.Release|Any CPU.Build.0 = Release|Any CPU
		{7C7653B5-AC2E-E644-941A-D39AB73DFD58}.Debug|Any CPU.ActiveCfg = Debug|Any CPU
		{7C7653B5-AC2E-E644-941A-D39AB73DFD58}.Debug|Any CPU.Build.0 = Debug|Any CPU
		{7C7653B5-AC2E-E644-941A-D39AB73DFD58}.Release|Any CPU.ActiveCfg = Release|Any CPU
		{7C7653B5-AC2E-E644-941A-D39AB73DFD58}.Release|Any CPU.Build.0 = Release|Any CPU
		{3D06B2EA-C056-6B12-A304-735D7C89D6C6}.Debug|Any CPU.ActiveCfg = Debug|Any CPU
		{3D06B2EA-C056-6B12-A304-735D7C89D6C6}.Debug|Any CPU.Build.0 = Debug|Any CPU
		{3D06B2EA-C056-6B12-A304-735D7C89D6C6}.Release|Any CPU.ActiveCfg = Release|Any CPU
		{3D06B2EA-C056-6B12-A304-735D7C89D6C6}.Release|Any CPU.Build.0 = Release|Any CPU
		{95852B46-B1F5-5189-C375-09CFD1FFE1D9}.Debug|Any CPU.ActiveCfg = Debug|Any CPU
		{95852B46-B1F5-5189-C375-09CFD1FFE1D9}.Debug|Any CPU.Build.0 = Debug|Any CPU
		{95852B46-B1F5-5189-C375-09CFD1FFE1D9}.Release|Any CPU.ActiveCfg = Release|Any CPU
		{95852B46-B1F5-5189-C375-09CFD1FFE1D9}.Release|Any CPU.Build.0 = Release|Any CPU
		{657C967D-AB0B-5874-F64E-7490777935EC}.Debug|Any CPU.ActiveCfg = Debug|Any CPU
		{657C967D-AB0B-5874-F64E-7490777935EC}.Debug|Any CPU.Build.0 = Debug|Any CPU
		{657C967D-AB0B-5874-F64E-7490777935EC}.Release|Any CPU.ActiveCfg = Release|Any CPU
		{657C967D-AB0B-5874-F64E-7490777935EC}.Release|Any CPU.Build.0 = Release|Any CPU
		{BA4BD8D5-A76D-6C24-80BD-30A75032AF2D}.Debug|Any CPU.ActiveCfg = Debug|Any CPU
		{BA4BD8D5-A76D-6C24-80BD-30A75032AF2D}.Debug|Any CPU.Build.0 = Debug|Any CPU
		{BA4BD8D5-A76D-6C24-80BD-30A75032AF2D}.Release|Any CPU.ActiveCfg = Release|Any CPU
		{BA4BD8D5-A76D-6C24-80BD-30A75032AF2D}.Release|Any CPU.Build.0 = Release|Any CPU
		{FC78ACA1-0980-1C89-F58C-009988595A48}.Debug|Any CPU.ActiveCfg = Debug|Any CPU
		{FC78ACA1-0980-1C89-F58C-009988595A48}.Debug|Any CPU.Build.0 = Debug|Any CPU
		{FC78ACA1-0980-1C89-F58C-009988595A48}.Release|Any CPU.ActiveCfg = Release|Any CPU
		{FC78ACA1-0980-1C89-F58C-009988595A48}.Release|Any CPU.Build.0 = Release|Any CPU
		{761D04F9-A0F5-464A-1B60-AA6E3315F4C6}.Debug|Any CPU.ActiveCfg = Debug|Any CPU
		{761D04F9-A0F5-464A-1B60-AA6E3315F4C6}.Debug|Any CPU.Build.0 = Debug|Any CPU
		{761D04F9-A0F5-464A-1B60-AA6E3315F4C6}.Release|Any CPU.ActiveCfg = Release|Any CPU
		{761D04F9-A0F5-464A-1B60-AA6E3315F4C6}.Release|Any CPU.Build.0 = Release|Any CPU
		{813C1D38-0620-1FE5-DACE-5FBB69A5D2DB}.Debug|Any CPU.ActiveCfg = Debug|Any CPU
		{813C1D38-0620-1FE5-DACE-5FBB69A5D2DB}.Debug|Any CPU.Build.0 = Debug|Any CPU
		{813C1D38-0620-1FE5-DACE-5FBB69A5D2DB}.Release|Any CPU.ActiveCfg = Release|Any CPU
		{813C1D38-0620-1FE5-DACE-5FBB69A5D2DB}.Release|Any CPU.Build.0 = Release|Any CPU
		{AC92ABF8-B742-AE16-8772-E7B11AD3690A}.Debug|Any CPU.ActiveCfg = Debug|Any CPU
		{AC92ABF8-B742-AE16-8772-E7B11AD3690A}.Debug|Any CPU.Build.0 = Debug|Any CPU
		{AC92ABF8-B742-AE16-8772-E7B11AD3690A}.Release|Any CPU.ActiveCfg = Release|Any CPU
		{AC92ABF8-B742-AE16-8772-E7B11AD3690A}.Release|Any CPU.Build.0 = Release|Any CPU
		{C009B241-17F1-247C-CA6F-E3FE1F3FB701}.Debug|Any CPU.ActiveCfg = Debug|Any CPU
		{C009B241-17F1-247C-CA6F-E3FE1F3FB701}.Debug|Any CPU.Build.0 = Debug|Any CPU
		{C009B241-17F1-247C-CA6F-E3FE1F3FB701}.Release|Any CPU.ActiveCfg = Release|Any CPU
		{C009B241-17F1-247C-CA6F-E3FE1F3FB701}.Release|Any CPU.Build.0 = Release|Any CPU
		{6747CCA7-7DF7-EAB3-D9BC-4F8EDE9115BD}.Debug|Any CPU.ActiveCfg = Debug|Any CPU
		{6747CCA7-7DF7-EAB3-D9BC-4F8EDE9115BD}.Debug|Any CPU.Build.0 = Debug|Any CPU
		{6747CCA7-7DF7-EAB3-D9BC-4F8EDE9115BD}.Release|Any CPU.ActiveCfg = Release|Any CPU
		{6747CCA7-7DF7-EAB3-D9BC-4F8EDE9115BD}.Release|Any CPU.Build.0 = Release|Any CPU
		{5B49DE10-EDCD-33BF-7468-60BCF16CB891}.Debug|Any CPU.ActiveCfg = Debug|Any CPU
		{5B49DE10-EDCD-33BF-7468-60BCF16CB891}.Debug|Any CPU.Build.0 = Debug|Any CPU
		{5B49DE10-EDCD-33BF-7468-60BCF16CB891}.Release|Any CPU.ActiveCfg = Release|Any CPU
		{5B49DE10-EDCD-33BF-7468-60BCF16CB891}.Release|Any CPU.Build.0 = Release|Any CPU
		{130D7CA1-5755-A630-4091-A355786AB8CD}.Debug|Any CPU.ActiveCfg = Debug|Any CPU
		{130D7CA1-5755-A630-4091-A355786AB8CD}.Debug|Any CPU.Build.0 = Debug|Any CPU
		{130D7CA1-5755-A630-4091-A355786AB8CD}.Release|Any CPU.ActiveCfg = Release|Any CPU
		{130D7CA1-5755-A630-4091-A355786AB8CD}.Release|Any CPU.Build.0 = Release|Any CPU
		{E2FC971F-7F74-99A2-FAEA-874C26757F24}.Debug|Any CPU.ActiveCfg = Debug|Any CPU
		{E2FC971F-7F74-99A2-FAEA-874C26757F24}.Debug|Any CPU.Build.0 = Debug|Any CPU
		{E2FC971F-7F74-99A2-FAEA-874C26757F24}.Release|Any CPU.ActiveCfg = Release|Any CPU
		{E2FC971F-7F74-99A2-FAEA-874C26757F24}.Release|Any CPU.Build.0 = Release|Any CPU
		{C8F73F4E-92DD-3537-B963-A94F12F9D0DA}.Debug|Any CPU.ActiveCfg = Debug|Any CPU
		{C8F73F4E-92DD-3537-B963-A94F12F9D0DA}.Debug|Any CPU.Build.0 = Debug|Any CPU
		{C8F73F4E-92DD-3537-B963-A94F12F9D0DA}.Release|Any CPU.ActiveCfg = Release|Any CPU
		{C8F73F4E-92DD-3537-B963-A94F12F9D0DA}.Release|Any CPU.Build.0 = Release|Any CPU
		{46754484-557D-FC30-0C08-866E9510F8B0}.Debug|Any CPU.ActiveCfg = Debug|Any CPU
		{46754484-557D-FC30-0C08-866E9510F8B0}.Debug|Any CPU.Build.0 = Debug|Any CPU
		{46754484-557D-FC30-0C08-866E9510F8B0}.Release|Any CPU.ActiveCfg = Release|Any CPU
		{46754484-557D-FC30-0C08-866E9510F8B0}.Release|Any CPU.Build.0 = Release|Any CPU
		{610404E8-D4F0-3B61-FBC2-5AF6845664CC}.Debug|Any CPU.ActiveCfg = Debug|Any CPU
		{610404E8-D4F0-3B61-FBC2-5AF6845664CC}.Debug|Any CPU.Build.0 = Debug|Any CPU
		{610404E8-D4F0-3B61-FBC2-5AF6845664CC}.Release|Any CPU.ActiveCfg = Release|Any CPU
		{610404E8-D4F0-3B61-FBC2-5AF6845664CC}.Release|Any CPU.Build.0 = Release|Any CPU
		{E621DD7B-03E2-D202-62FD-F5CF14C4FC02}.Debug|Any CPU.ActiveCfg = Debug|Any CPU
		{E621DD7B-03E2-D202-62FD-F5CF14C4FC02}.Debug|Any CPU.Build.0 = Debug|Any CPU
		{E621DD7B-03E2-D202-62FD-F5CF14C4FC02}.Release|Any CPU.ActiveCfg = Release|Any CPU
		{E621DD7B-03E2-D202-62FD-F5CF14C4FC02}.Release|Any CPU.Build.0 = Release|Any CPU
		{EED9BC84-A661-69D2-48C1-F27915B3C122}.Debug|Any CPU.ActiveCfg = Debug|Any CPU
		{EED9BC84-A661-69D2-48C1-F27915B3C122}.Debug|Any CPU.Build.0 = Debug|Any CPU
		{EED9BC84-A661-69D2-48C1-F27915B3C122}.Release|Any CPU.ActiveCfg = Release|Any CPU
		{EED9BC84-A661-69D2-48C1-F27915B3C122}.Release|Any CPU.Build.0 = Release|Any CPU
		{291F263A-EEE5-14B9-9FCE-43460C56EFF1}.Debug|Any CPU.ActiveCfg = Debug|Any CPU
		{291F263A-EEE5-14B9-9FCE-43460C56EFF1}.Debug|Any CPU.Build.0 = Debug|Any CPU
		{291F263A-EEE5-14B9-9FCE-43460C56EFF1}.Release|Any CPU.ActiveCfg = Release|Any CPU
		{291F263A-EEE5-14B9-9FCE-43460C56EFF1}.Release|Any CPU.Build.0 = Release|Any CPU
		{93FC0486-D33B-ED0D-BEE6-1616CBF88D59}.Debug|Any CPU.ActiveCfg = Debug|Any CPU
		{93FC0486-D33B-ED0D-BEE6-1616CBF88D59}.Debug|Any CPU.Build.0 = Debug|Any CPU
		{93FC0486-D33B-ED0D-BEE6-1616CBF88D59}.Release|Any CPU.ActiveCfg = Release|Any CPU
		{93FC0486-D33B-ED0D-BEE6-1616CBF88D59}.Release|Any CPU.Build.0 = Release|Any CPU
		{2F11F9DC-FF85-7E93-3862-F149AE947D53}.Debug|Any CPU.ActiveCfg = Debug|Any CPU
		{2F11F9DC-FF85-7E93-3862-F149AE947D53}.Debug|Any CPU.Build.0 = Debug|Any CPU
		{2F11F9DC-FF85-7E93-3862-F149AE947D53}.Release|Any CPU.ActiveCfg = Release|Any CPU
		{2F11F9DC-FF85-7E93-3862-F149AE947D53}.Release|Any CPU.Build.0 = Release|Any CPU
		{9AA5FC7D-57FB-EC26-3398-F101277F6088}.Debug|Any CPU.ActiveCfg = Debug|Any CPU
		{9AA5FC7D-57FB-EC26-3398-F101277F6088}.Debug|Any CPU.Build.0 = Debug|Any CPU
		{9AA5FC7D-57FB-EC26-3398-F101277F6088}.Release|Any CPU.ActiveCfg = Release|Any CPU
		{9AA5FC7D-57FB-EC26-3398-F101277F6088}.Release|Any CPU.Build.0 = Release|Any CPU
		{DCDE4832-68E9-B764-DABC-84733AE02AAB}.Debug|Any CPU.ActiveCfg = Debug|Any CPU
		{DCDE4832-68E9-B764-DABC-84733AE02AAB}.Debug|Any CPU.Build.0 = Debug|Any CPU
		{DCDE4832-68E9-B764-DABC-84733AE02AAB}.Release|Any CPU.ActiveCfg = Release|Any CPU
		{DCDE4832-68E9-B764-DABC-84733AE02AAB}.Release|Any CPU.Build.0 = Release|Any CPU
		{379B97C5-B1CE-082D-7963-E725290A6F44}.Debug|Any CPU.ActiveCfg = Debug|Any CPU
		{379B97C5-B1CE-082D-7963-E725290A6F44}.Debug|Any CPU.Build.0 = Debug|Any CPU
		{379B97C5-B1CE-082D-7963-E725290A6F44}.Release|Any CPU.ActiveCfg = Release|Any CPU
		{379B97C5-B1CE-082D-7963-E725290A6F44}.Release|Any CPU.Build.0 = Release|Any CPU
		{3A83963E-9D4F-2897-2710-A1F6EFACCC82}.Debug|Any CPU.ActiveCfg = Debug|Any CPU
		{3A83963E-9D4F-2897-2710-A1F6EFACCC82}.Debug|Any CPU.Build.0 = Debug|Any CPU
		{3A83963E-9D4F-2897-2710-A1F6EFACCC82}.Release|Any CPU.ActiveCfg = Release|Any CPU
		{3A83963E-9D4F-2897-2710-A1F6EFACCC82}.Release|Any CPU.Build.0 = Release|Any CPU
		{F870DF4C-817B-6857-CC9F-3FFA4CE80E25}.Debug|Any CPU.ActiveCfg = Debug|Any CPU
		{F870DF4C-817B-6857-CC9F-3FFA4CE80E25}.Debug|Any CPU.Build.0 = Debug|Any CPU
		{F870DF4C-817B-6857-CC9F-3FFA4CE80E25}.Release|Any CPU.ActiveCfg = Release|Any CPU
		{F870DF4C-817B-6857-CC9F-3FFA4CE80E25}.Release|Any CPU.Build.0 = Release|Any CPU
		{DC2D3BEC-0A9F-206D-BEE3-D311390A1138}.Debug|Any CPU.ActiveCfg = Debug|Any CPU
		{DC2D3BEC-0A9F-206D-BEE3-D311390A1138}.Debug|Any CPU.Build.0 = Debug|Any CPU
		{DC2D3BEC-0A9F-206D-BEE3-D311390A1138}.Release|Any CPU.ActiveCfg = Release|Any CPU
		{DC2D3BEC-0A9F-206D-BEE3-D311390A1138}.Release|Any CPU.Build.0 = Release|Any CPU
		{FF2451D1-827E-7429-868A-9A54E34DCA65}.Debug|Any CPU.ActiveCfg = Debug|Any CPU
		{FF2451D1-827E-7429-868A-9A54E34DCA65}.Debug|Any CPU.Build.0 = Debug|Any CPU
		{FF2451D1-827E-7429-868A-9A54E34DCA65}.Release|Any CPU.ActiveCfg = Release|Any CPU
		{FF2451D1-827E-7429-868A-9A54E34DCA65}.Release|Any CPU.Build.0 = Release|Any CPU
		{648BF12E-71A1-7334-DF46-823A52D226E7}.Debug|Any CPU.ActiveCfg = Debug|Any CPU
		{648BF12E-71A1-7334-DF46-823A52D226E7}.Debug|Any CPU.Build.0 = Debug|Any CPU
		{648BF12E-71A1-7334-DF46-823A52D226E7}.Release|Any CPU.ActiveCfg = Release|Any CPU
		{648BF12E-71A1-7334-DF46-823A52D226E7}.Release|Any CPU.Build.0 = Release|Any CPU
		{E7CE14A5-19CD-0366-E6E1-518F200875C6}.Debug|Any CPU.ActiveCfg = Debug|Any CPU
		{E7CE14A5-19CD-0366-E6E1-518F200875C6}.Debug|Any CPU.Build.0 = Debug|Any CPU
		{E7CE14A5-19CD-0366-E6E1-518F200875C6}.Release|Any CPU.ActiveCfg = Release|Any CPU
		{E7CE14A5-19CD-0366-E6E1-518F200875C6}.Release|Any CPU.Build.0 = Release|Any CPU
		{DD41B60C-9187-11F8-A13E-0B4A774794BB}.Debug|Any CPU.ActiveCfg = Debug|Any CPU
		{DD41B60C-9187-11F8-A13E-0B4A774794BB}.Debug|Any CPU.Build.0 = Debug|Any CPU
		{DD41B60C-9187-11F8-A13E-0B4A774794BB}.Release|Any CPU.ActiveCfg = Release|Any CPU
		{DD41B60C-9187-11F8-A13E-0B4A774794BB}.Release|Any CPU.Build.0 = Release|Any CPU
		{9B4AE193-2842-D066-E21D-4F6728D6CAE7}.Debug|Any CPU.ActiveCfg = Debug|Any CPU
		{9B4AE193-2842-D066-E21D-4F6728D6CAE7}.Debug|Any CPU.Build.0 = Debug|Any CPU
		{9B4AE193-2842-D066-E21D-4F6728D6CAE7}.Release|Any CPU.ActiveCfg = Release|Any CPU
		{9B4AE193-2842-D066-E21D-4F6728D6CAE7}.Release|Any CPU.Build.0 = Release|Any CPU
		{A5666166-1350-3F5A-1484-6CB5652C3639}.Debug|Any CPU.ActiveCfg = Debug|Any CPU
		{A5666166-1350-3F5A-1484-6CB5652C3639}.Debug|Any CPU.Build.0 = Debug|Any CPU
		{A5666166-1350-3F5A-1484-6CB5652C3639}.Release|Any CPU.ActiveCfg = Release|Any CPU
		{A5666166-1350-3F5A-1484-6CB5652C3639}.Release|Any CPU.Build.0 = Release|Any CPU
		{1CE38FFF-CE48-C8DC-E95A-6B509A8BF7C3}.Debug|Any CPU.ActiveCfg = Debug|Any CPU
		{1CE38FFF-CE48-C8DC-E95A-6B509A8BF7C3}.Debug|Any CPU.Build.0 = Debug|Any CPU
		{1CE38FFF-CE48-C8DC-E95A-6B509A8BF7C3}.Release|Any CPU.ActiveCfg = Release|Any CPU
		{1CE38FFF-CE48-C8DC-E95A-6B509A8BF7C3}.Release|Any CPU.Build.0 = Release|Any CPU
		{39408E8C-B9C8-B24B-4DA5-34EDEF190605}.Debug|Any CPU.ActiveCfg = Debug|Any CPU
		{39408E8C-B9C8-B24B-4DA5-34EDEF190605}.Debug|Any CPU.Build.0 = Debug|Any CPU
		{39408E8C-B9C8-B24B-4DA5-34EDEF190605}.Release|Any CPU.ActiveCfg = Release|Any CPU
		{39408E8C-B9C8-B24B-4DA5-34EDEF190605}.Release|Any CPU.Build.0 = Release|Any CPU
		{62524531-D8E7-C746-174B-67BD4973607E}.Debug|Any CPU.ActiveCfg = Debug|Any CPU
		{62524531-D8E7-C746-174B-67BD4973607E}.Debug|Any CPU.Build.0 = Debug|Any CPU
		{62524531-D8E7-C746-174B-67BD4973607E}.Release|Any CPU.ActiveCfg = Release|Any CPU
		{62524531-D8E7-C746-174B-67BD4973607E}.Release|Any CPU.Build.0 = Release|Any CPU
		{D6D180AB-A1D6-1EF7-E100-806607D362E5}.Debug|Any CPU.ActiveCfg = Debug|Any CPU
		{D6D180AB-A1D6-1EF7-E100-806607D362E5}.Debug|Any CPU.Build.0 = Debug|Any CPU
		{D6D180AB-A1D6-1EF7-E100-806607D362E5}.Release|Any CPU.ActiveCfg = Release|Any CPU
		{D6D180AB-A1D6-1EF7-E100-806607D362E5}.Release|Any CPU.Build.0 = Release|Any CPU
		{C6188599-625A-3F55-FEE6-AE958BF2CCC4}.Debug|Any CPU.ActiveCfg = Debug|Any CPU
		{C6188599-625A-3F55-FEE6-AE958BF2CCC4}.Debug|Any CPU.Build.0 = Debug|Any CPU
		{C6188599-625A-3F55-FEE6-AE958BF2CCC4}.Release|Any CPU.ActiveCfg = Release|Any CPU
		{C6188599-625A-3F55-FEE6-AE958BF2CCC4}.Release|Any CPU.Build.0 = Release|Any CPU
		{265366FA-9EAB-2340-FA12-BAABB9317216}.Debug|Any CPU.ActiveCfg = Debug|Any CPU
		{265366FA-9EAB-2340-FA12-BAABB9317216}.Debug|Any CPU.Build.0 = Debug|Any CPU
		{265366FA-9EAB-2340-FA12-BAABB9317216}.Release|Any CPU.ActiveCfg = Release|Any CPU
		{265366FA-9EAB-2340-FA12-BAABB9317216}.Release|Any CPU.Build.0 = Release|Any CPU
		{75D6E5B1-C09B-E561-9DF7-C84079D5B564}.Debug|Any CPU.ActiveCfg = Debug|Any CPU
		{75D6E5B1-C09B-E561-9DF7-C84079D5B564}.Debug|Any CPU.Build.0 = Debug|Any CPU
		{75D6E5B1-C09B-E561-9DF7-C84079D5B564}.Release|Any CPU.ActiveCfg = Release|Any CPU
		{75D6E5B1-C09B-E561-9DF7-C84079D5B564}.Release|Any CPU.Build.0 = Release|Any CPU
		{8D722CBC-8DEE-F677-6A8F-148C006BD7D4}.Debug|Any CPU.ActiveCfg = Debug|Any CPU
		{8D722CBC-8DEE-F677-6A8F-148C006BD7D4}.Debug|Any CPU.Build.0 = Debug|Any CPU
		{8D722CBC-8DEE-F677-6A8F-148C006BD7D4}.Release|Any CPU.ActiveCfg = Release|Any CPU
		{8D722CBC-8DEE-F677-6A8F-148C006BD7D4}.Release|Any CPU.Build.0 = Release|Any CPU
		{84F52594-59EB-4C89-4E16-9D80A7FCEA90}.Debug|Any CPU.ActiveCfg = Debug|Any CPU
		{84F52594-59EB-4C89-4E16-9D80A7FCEA90}.Debug|Any CPU.Build.0 = Debug|Any CPU
		{84F52594-59EB-4C89-4E16-9D80A7FCEA90}.Release|Any CPU.ActiveCfg = Release|Any CPU
		{84F52594-59EB-4C89-4E16-9D80A7FCEA90}.Release|Any CPU.Build.0 = Release|Any CPU
		{2A917E7C-8F1B-E294-7031-018F8CDCCDF7}.Debug|Any CPU.ActiveCfg = Debug|Any CPU
		{2A917E7C-8F1B-E294-7031-018F8CDCCDF7}.Debug|Any CPU.Build.0 = Debug|Any CPU
		{2A917E7C-8F1B-E294-7031-018F8CDCCDF7}.Release|Any CPU.ActiveCfg = Release|Any CPU
		{2A917E7C-8F1B-E294-7031-018F8CDCCDF7}.Release|Any CPU.Build.0 = Release|Any CPU
		{97C61733-8D58-6035-2546-8F57B19BC790}.Debug|Any CPU.ActiveCfg = Debug|Any CPU
		{97C61733-8D58-6035-2546-8F57B19BC790}.Debug|Any CPU.Build.0 = Debug|Any CPU
		{97C61733-8D58-6035-2546-8F57B19BC790}.Release|Any CPU.ActiveCfg = Release|Any CPU
		{97C61733-8D58-6035-2546-8F57B19BC790}.Release|Any CPU.Build.0 = Release|Any CPU
		{E2085EB0-4EC0-B5DA-52F2-60D6A7EA7806}.Debug|Any CPU.ActiveCfg = Debug|Any CPU
		{E2085EB0-4EC0-B5DA-52F2-60D6A7EA7806}.Debug|Any CPU.Build.0 = Debug|Any CPU
		{E2085EB0-4EC0-B5DA-52F2-60D6A7EA7806}.Release|Any CPU.ActiveCfg = Release|Any CPU
		{E2085EB0-4EC0-B5DA-52F2-60D6A7EA7806}.Release|Any CPU.Build.0 = Release|Any CPU
		{759C6CF4-A91C-A425-6687-AAD0C688DFCE}.Debug|Any CPU.ActiveCfg = Debug|Any CPU
		{759C6CF4-A91C-A425-6687-AAD0C688DFCE}.Debug|Any CPU.Build.0 = Debug|Any CPU
		{759C6CF4-A91C-A425-6687-AAD0C688DFCE}.Release|Any CPU.ActiveCfg = Release|Any CPU
		{759C6CF4-A91C-A425-6687-AAD0C688DFCE}.Release|Any CPU.Build.0 = Release|Any CPU
		{2D290A08-4496-888F-88E7-E72196F33E0C}.Debug|Any CPU.ActiveCfg = Debug|Any CPU
		{2D290A08-4496-888F-88E7-E72196F33E0C}.Debug|Any CPU.Build.0 = Debug|Any CPU
		{2D290A08-4496-888F-88E7-E72196F33E0C}.Release|Any CPU.ActiveCfg = Release|Any CPU
		{2D290A08-4496-888F-88E7-E72196F33E0C}.Release|Any CPU.Build.0 = Release|Any CPU
		{8C838F74-0F5F-AE5C-5E62-8449DE0C147F}.Debug|Any CPU.ActiveCfg = Debug|Any CPU
		{8C838F74-0F5F-AE5C-5E62-8449DE0C147F}.Debug|Any CPU.Build.0 = Debug|Any CPU
		{8C838F74-0F5F-AE5C-5E62-8449DE0C147F}.Release|Any CPU.ActiveCfg = Release|Any CPU
		{8C838F74-0F5F-AE5C-5E62-8449DE0C147F}.Release|Any CPU.Build.0 = Release|Any CPU
		{0819C918-30DA-BE6D-AB1E-93C89E532CC6}.Debug|Any CPU.ActiveCfg = Debug|Any CPU
		{0819C918-30DA-BE6D-AB1E-93C89E532CC6}.Debug|Any CPU.Build.0 = Debug|Any CPU
		{0819C918-30DA-BE6D-AB1E-93C89E532CC6}.Release|Any CPU.ActiveCfg = Release|Any CPU
		{0819C918-30DA-BE6D-AB1E-93C89E532CC6}.Release|Any CPU.Build.0 = Release|Any CPU
		{4D41A036-A68C-64E4-7191-96929A6D8FC7}.Debug|Any CPU.ActiveCfg = Debug|Any CPU
		{4D41A036-A68C-64E4-7191-96929A6D8FC7}.Debug|Any CPU.Build.0 = Debug|Any CPU
		{4D41A036-A68C-64E4-7191-96929A6D8FC7}.Release|Any CPU.ActiveCfg = Release|Any CPU
		{4D41A036-A68C-64E4-7191-96929A6D8FC7}.Release|Any CPU.Build.0 = Release|Any CPU
		{B8FD5C00-54AE-ACBC-B999-30CD54A22C18}.Debug|Any CPU.ActiveCfg = Debug|Any CPU
		{B8FD5C00-54AE-ACBC-B999-30CD54A22C18}.Debug|Any CPU.Build.0 = Debug|Any CPU
		{B8FD5C00-54AE-ACBC-B999-30CD54A22C18}.Release|Any CPU.ActiveCfg = Release|Any CPU
		{B8FD5C00-54AE-ACBC-B999-30CD54A22C18}.Release|Any CPU.Build.0 = Release|Any CPU
		{6F884A30-39AE-300D-3BC7-B5550C431499}.Debug|Any CPU.ActiveCfg = Debug|Any CPU
		{6F884A30-39AE-300D-3BC7-B5550C431499}.Debug|Any CPU.Build.0 = Debug|Any CPU
		{6F884A30-39AE-300D-3BC7-B5550C431499}.Release|Any CPU.ActiveCfg = Release|Any CPU
		{6F884A30-39AE-300D-3BC7-B5550C431499}.Release|Any CPU.Build.0 = Release|Any CPU
		{7E469D91-B52D-3DCF-CEF8-CF8AB745E71A}.Debug|Any CPU.ActiveCfg = Debug|Any CPU
		{7E469D91-B52D-3DCF-CEF8-CF8AB745E71A}.Debug|Any CPU.Build.0 = Debug|Any CPU
		{7E469D91-B52D-3DCF-CEF8-CF8AB745E71A}.Release|Any CPU.ActiveCfg = Release|Any CPU
		{7E469D91-B52D-3DCF-CEF8-CF8AB745E71A}.Release|Any CPU.Build.0 = Release|Any CPU
		{2EF64636-C5C9-A304-178D-3513DFFA9740}.Debug|Any CPU.ActiveCfg = Debug|Any CPU
		{2EF64636-C5C9-A304-178D-3513DFFA9740}.Debug|Any CPU.Build.0 = Debug|Any CPU
		{2EF64636-C5C9-A304-178D-3513DFFA9740}.Release|Any CPU.ActiveCfg = Release|Any CPU
		{2EF64636-C5C9-A304-178D-3513DFFA9740}.Release|Any CPU.Build.0 = Release|Any CPU
		{76316E06-DA8E-B0E8-9F03-66D5B04340D2}.Debug|Any CPU.ActiveCfg = Debug|Any CPU
		{76316E06-DA8E-B0E8-9F03-66D5B04340D2}.Debug|Any CPU.Build.0 = Debug|Any CPU
		{76316E06-DA8E-B0E8-9F03-66D5B04340D2}.Release|Any CPU.ActiveCfg = Release|Any CPU
		{76316E06-DA8E-B0E8-9F03-66D5B04340D2}.Release|Any CPU.Build.0 = Release|Any CPU
		{55F725B4-F5FF-1A40-E0C0-61EBA0057BE2}.Debug|Any CPU.ActiveCfg = Debug|Any CPU
		{55F725B4-F5FF-1A40-E0C0-61EBA0057BE2}.Debug|Any CPU.Build.0 = Debug|Any CPU
		{55F725B4-F5FF-1A40-E0C0-61EBA0057BE2}.Release|Any CPU.ActiveCfg = Release|Any CPU
		{55F725B4-F5FF-1A40-E0C0-61EBA0057BE2}.Release|Any CPU.Build.0 = Release|Any CPU
		{E1D616B4-48C5-760E-B326-754FB821A62E}.Debug|Any CPU.ActiveCfg = Debug|Any CPU
		{E1D616B4-48C5-760E-B326-754FB821A62E}.Debug|Any CPU.Build.0 = Debug|Any CPU
		{E1D616B4-48C5-760E-B326-754FB821A62E}.Release|Any CPU.ActiveCfg = Release|Any CPU
		{E1D616B4-48C5-760E-B326-754FB821A62E}.Release|Any CPU.Build.0 = Release|Any CPU
		{062ADB71-9BFC-B335-388E-436400E2F21E}.Debug|Any CPU.ActiveCfg = Debug|Any CPU
		{062ADB71-9BFC-B335-388E-436400E2F21E}.Debug|Any CPU.Build.0 = Debug|Any CPU
		{062ADB71-9BFC-B335-388E-436400E2F21E}.Release|Any CPU.ActiveCfg = Release|Any CPU
		{062ADB71-9BFC-B335-388E-436400E2F21E}.Release|Any CPU.Build.0 = Release|Any CPU
		{4B8E380A-33AB-0DB7-1BFF-02F33FB0216C}.Debug|Any CPU.ActiveCfg = Debug|Any CPU
		{4B8E380A-33AB-0DB7-1BFF-02F33FB0216C}.Debug|Any CPU.Build.0 = Debug|Any CPU
		{4B8E380A-33AB-0DB7-1BFF-02F33FB0216C}.Release|Any CPU.ActiveCfg = Release|Any CPU
		{4B8E380A-33AB-0DB7-1BFF-02F33FB0216C}.Release|Any CPU.Build.0 = Release|Any CPU
		{F0EE08C1-0623-C20A-F233-196D8B81ED49}.Debug|Any CPU.ActiveCfg = Debug|Any CPU
		{F0EE08C1-0623-C20A-F233-196D8B81ED49}.Debug|Any CPU.Build.0 = Debug|Any CPU
		{F0EE08C1-0623-C20A-F233-196D8B81ED49}.Release|Any CPU.ActiveCfg = Release|Any CPU
		{F0EE08C1-0623-C20A-F233-196D8B81ED49}.Release|Any CPU.Build.0 = Release|Any CPU
		{84488B50-E5E1-6364-4971-94281D8502CA}.Debug|Any CPU.ActiveCfg = Debug|Any CPU
		{84488B50-E5E1-6364-4971-94281D8502CA}.Debug|Any CPU.Build.0 = Debug|Any CPU
		{84488B50-E5E1-6364-4971-94281D8502CA}.Release|Any CPU.ActiveCfg = Release|Any CPU
		{84488B50-E5E1-6364-4971-94281D8502CA}.Release|Any CPU.Build.0 = Release|Any CPU
		{1C25C49F-BE1D-5F8B-5351-D397FF30B351}.Debug|Any CPU.ActiveCfg = Debug|Any CPU
		{1C25C49F-BE1D-5F8B-5351-D397FF30B351}.Debug|Any CPU.Build.0 = Debug|Any CPU
		{1C25C49F-BE1D-5F8B-5351-D397FF30B351}.Release|Any CPU.ActiveCfg = Release|Any CPU
		{1C25C49F-BE1D-5F8B-5351-D397FF30B351}.Release|Any CPU.Build.0 = Release|Any CPU
		{8AE3B401-FE89-DE19-C0C3-98AC5FC81CFB}.Debug|Any CPU.ActiveCfg = Debug|Any CPU
		{8AE3B401-FE89-DE19-C0C3-98AC5FC81CFB}.Debug|Any CPU.Build.0 = Debug|Any CPU
		{8AE3B401-FE89-DE19-C0C3-98AC5FC81CFB}.Release|Any CPU.ActiveCfg = Release|Any CPU
		{8AE3B401-FE89-DE19-C0C3-98AC5FC81CFB}.Release|Any CPU.Build.0 = Release|Any CPU
		{0FB42067-2FD3-B52B-7CCB-A42BD4645E87}.Debug|Any CPU.ActiveCfg = Debug|Any CPU
		{0FB42067-2FD3-B52B-7CCB-A42BD4645E87}.Debug|Any CPU.Build.0 = Debug|Any CPU
		{0FB42067-2FD3-B52B-7CCB-A42BD4645E87}.Release|Any CPU.ActiveCfg = Release|Any CPU
		{0FB42067-2FD3-B52B-7CCB-A42BD4645E87}.Release|Any CPU.Build.0 = Release|Any CPU
		{A7C0CAD2-85CD-BEEB-30BD-4719BB1C72F2}.Debug|Any CPU.ActiveCfg = Debug|Any CPU
		{A7C0CAD2-85CD-BEEB-30BD-4719BB1C72F2}.Debug|Any CPU.Build.0 = Debug|Any CPU
		{A7C0CAD2-85CD-BEEB-30BD-4719BB1C72F2}.Release|Any CPU.ActiveCfg = Release|Any CPU
		{A7C0CAD2-85CD-BEEB-30BD-4719BB1C72F2}.Release|Any CPU.Build.0 = Release|Any CPU
		{49278B8B-08FC-C615-707C-787EB71D336A}.Debug|Any CPU.ActiveCfg = Debug|Any CPU
		{49278B8B-08FC-C615-707C-787EB71D336A}.Debug|Any CPU.Build.0 = Debug|Any CPU
		{49278B8B-08FC-C615-707C-787EB71D336A}.Release|Any CPU.ActiveCfg = Release|Any CPU
		{49278B8B-08FC-C615-707C-787EB71D336A}.Release|Any CPU.Build.0 = Release|Any CPU
		{C8C21BD0-1CCD-03DE-4524-1A6978AB40AD}.Debug|Any CPU.ActiveCfg = Debug|Any CPU
		{C8C21BD0-1CCD-03DE-4524-1A6978AB40AD}.Debug|Any CPU.Build.0 = Debug|Any CPU
		{C8C21BD0-1CCD-03DE-4524-1A6978AB40AD}.Release|Any CPU.ActiveCfg = Release|Any CPU
		{C8C21BD0-1CCD-03DE-4524-1A6978AB40AD}.Release|Any CPU.Build.0 = Release|Any CPU
		{0AE24F2E-BC4D-6BFE-F40E-7FCB0AB3E9FE}.Debug|Any CPU.ActiveCfg = Debug|Any CPU
		{0AE24F2E-BC4D-6BFE-F40E-7FCB0AB3E9FE}.Debug|Any CPU.Build.0 = Debug|Any CPU
		{0AE24F2E-BC4D-6BFE-F40E-7FCB0AB3E9FE}.Release|Any CPU.ActiveCfg = Release|Any CPU
		{0AE24F2E-BC4D-6BFE-F40E-7FCB0AB3E9FE}.Release|Any CPU.Build.0 = Release|Any CPU
		{3D3D3210-6CAA-529D-76DF-50212A91E3CB}.Debug|Any CPU.ActiveCfg = Debug|Any CPU
		{3D3D3210-6CAA-529D-76DF-50212A91E3CB}.Debug|Any CPU.Build.0 = Debug|Any CPU
		{3D3D3210-6CAA-529D-76DF-50212A91E3CB}.Release|Any CPU.ActiveCfg = Release|Any CPU
		{3D3D3210-6CAA-529D-76DF-50212A91E3CB}.Release|Any CPU.Build.0 = Release|Any CPU
		{83758D36-6243-E898-D6F8-292DE85FFC0A}.Debug|Any CPU.ActiveCfg = Debug|Any CPU
		{83758D36-6243-E898-D6F8-292DE85FFC0A}.Debug|Any CPU.Build.0 = Debug|Any CPU
		{83758D36-6243-E898-D6F8-292DE85FFC0A}.Release|Any CPU.ActiveCfg = Release|Any CPU
		{83758D36-6243-E898-D6F8-292DE85FFC0A}.Release|Any CPU.Build.0 = Release|Any CPU
		{D9812857-831B-34B8-9088-DA9D98221FE5}.Debug|Any CPU.ActiveCfg = Debug|Any CPU
		{D9812857-831B-34B8-9088-DA9D98221FE5}.Debug|Any CPU.Build.0 = Debug|Any CPU
		{D9812857-831B-34B8-9088-DA9D98221FE5}.Release|Any CPU.ActiveCfg = Release|Any CPU
		{D9812857-831B-34B8-9088-DA9D98221FE5}.Release|Any CPU.Build.0 = Release|Any CPU
		{84CFE75A-1427-7FDA-E659-5089C438D767}.Debug|Any CPU.ActiveCfg = Debug|Any CPU
		{84CFE75A-1427-7FDA-E659-5089C438D767}.Debug|Any CPU.Build.0 = Debug|Any CPU
		{84CFE75A-1427-7FDA-E659-5089C438D767}.Release|Any CPU.ActiveCfg = Release|Any CPU
		{84CFE75A-1427-7FDA-E659-5089C438D767}.Release|Any CPU.Build.0 = Release|Any CPU
		{CB9423DD-B0EF-18A6-DC6E-3F4AE5759430}.Debug|Any CPU.ActiveCfg = Debug|Any CPU
		{CB9423DD-B0EF-18A6-DC6E-3F4AE5759430}.Debug|Any CPU.Build.0 = Debug|Any CPU
		{CB9423DD-B0EF-18A6-DC6E-3F4AE5759430}.Release|Any CPU.ActiveCfg = Release|Any CPU
		{CB9423DD-B0EF-18A6-DC6E-3F4AE5759430}.Release|Any CPU.Build.0 = Release|Any CPU
		{27CDEB00-2E80-B982-13D3-E0105A8A860C}.Debug|Any CPU.ActiveCfg = Debug|Any CPU
		{27CDEB00-2E80-B982-13D3-E0105A8A860C}.Debug|Any CPU.Build.0 = Debug|Any CPU
		{27CDEB00-2E80-B982-13D3-E0105A8A860C}.Release|Any CPU.ActiveCfg = Release|Any CPU
		{27CDEB00-2E80-B982-13D3-E0105A8A860C}.Release|Any CPU.Build.0 = Release|Any CPU
	EndGlobalSection
	GlobalSection(SolutionProperties) = preSolution
		HideSolutionNode = FALSE
	EndGlobalSection
EndGlobal
