
Microsoft Visual Studio Solution File, Format Version 12.00
# Visual Studio 15
Project("{FAE04EC0-301F-11D3-BF4B-00C04F79EFBC}") = "Assembly-CSharp", "Assembly-CSharp.csproj", "{0C99CD62-D4EB-FA09-AEA2-9BD568997933}"
EndProject
Project("{FAE04EC0-301F-11D3-BF4B-00C04F79EFBC}") = "V_Animation", "V_Animation.csproj", "{A48F40F0-9DC5-5D70-4E7F-3B23E1F1EFE9}"
EndProject
Global
	GlobalSection(SolutionConfigurationPlatforms) = preSolution
		Debug|Any CPU = Debug|Any CPU
		Release|Any CPU = Release|Any CPU
	EndGlobalSection
	GlobalSection(ProjectConfigurationPlatforms) = postSolution
		{0C99CD62-D4EB-FA09-AEA2-9BD568997933}.Debug|Any CPU.ActiveCfg = Debug|Any CPU
		{0C99CD62-D4EB-FA09-AEA2-9BD568997933}.Debug|Any CPU.Build.0 = Debug|Any CPU
		{0C99CD62-D4EB-FA09-AEA2-9BD568997933}.Release|Any CPU.ActiveCfg = Release|Any CPU
		{0C99CD62-D4EB-FA09-AEA2-9BD568997933}.Release|Any CPU.Build.0 = Release|Any CPU
		{A48F40F0-9DC5-5D70-4E7F-3B23E1F1EFE9}.Debug|Any CPU.ActiveCfg = Debug|Any CPU
		{A48F40F0-9DC5-5D70-4E7F-3B23E1F1EFE9}.Debug|Any CPU.Build.0 = Debug|Any CPU
		{A48F40F0-9DC5-5D70-4E7F-3B23E1F1EFE9}.Release|Any CPU.ActiveCfg = Release|Any CPU
		{A48F40F0-9DC5-5D70-4E7F-3B23E1F1EFE9}.Release|Any CPU.Build.0 = Release|Any CPU
	EndGlobalSection
	GlobalSection(SolutionProperties) = preSolution
		HideSolutionNode = FALSE
	EndGlobalSection
EndGlobal
